
Microsoft Visual Studio Solution File, Format Version 12.00
# Visual Studio Version 17
VisualStudioVersion = 17.0.31912.275
MinimumVisualStudioVersion = 10.0.40219.1
Project("{9A19103F-16F7-4668-BE54-9A1E7A4F7556}") = "iDelegate", "iDelegate\iDelegate.csproj", "{59E7B14C-416E-46B7-8AAA-04FCEA4591ED}"
EndProject
Project("{9A19103F-16F7-4668-BE54-9A1E7A4F7556}") = "iLambda", "iLambda\iLambda.csproj", "{DD529CFE-F074-4687-94E3-673F78B10E95}"
EndProject
Project("{9A19103F-16F7-4668-BE54-9A1E7A4F7556}") = "iFiles", "iFiles\iFiles.csproj", "{FD49D145-1D8B-4BDA-81BB-610BB84336E1}"
EndProject
Project("{9A19103F-16F7-4668-BE54-9A1E7A4F7556}") = "iADO.NET", "iADO.NET\iADO.NET.csproj", "{133733AC-CF1C-45A8-947D-6FB0AAC5E39F}"
EndProject
Project("{9A19103F-16F7-4668-BE54-9A1E7A4F7556}") = "iEntityFramework", "iEntityFramework\iEntityFramework.csproj", "{41D6044B-DA5C-42E2-9553-6EE1202F4392}"
EndProject
Project("{FAE04EC0-301F-11D3-BF4B-00C04F79EFBC}") = "iExtensionMethod", "iExtensionMethod\iExtensionMethod.csproj", "{68E54FC0-0F28-42CA-89F5-7F6985D87E3A}"
EndProject
Project("{9A19103F-16F7-4668-BE54-9A1E7A4F7556}") = "iLambdaExpressions", "iLambdaExpressions\iLambdaExpressions.csproj", "{5173BD64-D71A-41E2-8A0F-D2052FFB25A5}"
EndProject
Project("{9A19103F-16F7-4668-BE54-9A1E7A4F7556}") = "iEnums", "iEnums\iEnums.csproj", "{FAF886A1-19EB-460F-A335-5E8EE90351EF}"
EndProject
Project("{9A19103F-16F7-4668-BE54-9A1E7A4F7556}") = "iMath", "iMath\iMath.csproj", "{947D8865-796B-41BF-8AD0-78C3FA8DD990}"
EndProject
Project("{9A19103F-16F7-4668-BE54-9A1E7A4F7556}") = "iRandom", "iRandom\iRandom.csproj", "{B056BE10-A9E0-4587-88D1-623DF80B664E}"
EndProject
Project("{9A19103F-16F7-4668-BE54-9A1E7A4F7556}") = "iRegularExpression", "iRegularExpression\iRegularExpression.csproj", "{75C2B46A-62E4-4CE6-B0C5-C0B9B8A1D393}"
EndProject
Project("{9A19103F-16F7-4668-BE54-9A1E7A4F7556}") = "iDateTime", "iDateTime\iDateTime.csproj", "{61C3B423-5FB4-4434-A587-01CD3037EB09}"
EndProject
Project("{9A19103F-16F7-4668-BE54-9A1E7A4F7556}") = "iNullable", "iNullable\iNullable.csproj", "{62768C96-51DC-4766-92FA-37A3CED6FFA2}"
EndProject
Project("{9A19103F-16F7-4668-BE54-9A1E7A4F7556}") = "iGarbageCollection", "iGarbageCollection\iGarbageCollection.csproj", "{CD2D758F-AA5D-4786-937D-8D64CEB2A5F6}"
EndProject
Project("{9A19103F-16F7-4668-BE54-9A1E7A4F7556}") = "iEvents_and_Delegates", "iEvents_and_Delegates\iEvents_and_Delegates.csproj", "{607F9E66-8ED8-4DFF-9D6F-B60F4F6AAA89}"
EndProject
Project("{9A19103F-16F7-4668-BE54-9A1E7A4F7556}") = "iLinq", "iLinq\iLinq.csproj", "{0B7E7FB3-9CC7-4328-BC9C-EF9BC4FCC703}"
EndProject
Project("{9A19103F-16F7-4668-BE54-9A1E7A4F7556}") = "iLinq_LinqToObjectsAndQueryOperators", "iLinq_LinqToObjectsAndQueryOperators\iLinq_LinqToObjectsAndQueryOperators.csproj", "{7B9E93A2-D3D0-4708-8F60-5DD5DD6CB3C3}"
EndProject
Project("{9A19103F-16F7-4668-BE54-9A1E7A4F7556}") = "iLinq_LinqToXML", "iLinq_LinqToXML\iLinq_LinqToXML.csproj", "{44D5806D-47DB-4020-B855-ED18A6BBD503}"
EndProject
Project("{9A19103F-16F7-4668-BE54-9A1E7A4F7556}") = "iThreading", "iThreading\iThreading.csproj", "{3758D2B7-7984-4695-9F9C-3330E7EACAA9}"
EndProject
Project("{9A19103F-16F7-4668-BE54-9A1E7A4F7556}") = "iThread_Join_and_IsAlive", "iThread_Join_and_IsAlive\iThread_Join_and_IsAlive.csproj", "{2C646BDA-0CB8-4DE7-A4FA-AC4E00376102}"
EndProject
Project("{2150E333-8FDC-42A3-9474-1A3956D46DE8}") = "iGenerics", "iGenerics", "{0F69BECA-B0A8-4182-8EE9-01DE79E522F0}"
EndProject
Project("{2150E333-8FDC-42A3-9474-1A3956D46DE8}") = "iOperators", "iOperators", "{618ABAE2-FFF8-4B4A-9433-CC031F3CE8F2}"
EndProject
Project("{9A19103F-16F7-4668-BE54-9A1E7A4F7556}") = "iGenerics.Fundamentals", "iGenerics\CSharp-CodeSnippet.Generics.Fundamentals\iGenerics.Fundamentals.csproj", "{DD771318-5CA2-478C-BC86-1E44302F23E8}"
EndProject
Project("{9A19103F-16F7-4668-BE54-9A1E7A4F7556}") = "iGenerics.NormalClassWithGenericMethod", "iGenerics\CSharp-CodeSnippet.Generics.NormalClassWithGenericMethod\iGenerics.NormalClassWithGenericMethod.csproj", "{686BFE86-94F4-4BE4-8D53-D310C1ED257E}"
EndProject
Project("{9A19103F-16F7-4668-BE54-9A1E7A4F7556}") = "iGenerics.StaticMembers", "iGenerics\CSharp-CodeSnippet.Generics.StaticMembers\iGenerics.StaticMembers.csproj", "{20AD07FC-1A8B-49B7-A909-1463A4751600}"
EndProject
Project("{9A19103F-16F7-4668-BE54-9A1E7A4F7556}") = "iGenerics.Inheritance", "iGenerics\CSharp-CodeSnippet.Generics.Inheritance\iGenerics.Inheritance.csproj", "{5FA79A95-995B-4D60-8993-2E2CF1C79F71}"
EndProject
Project("{9A19103F-16F7-4668-BE54-9A1E7A4F7556}") = "iOperators", "iOperators\CSharp-CodeSnippet.Operators\iOperators.csproj", "{40301FDE-6514-4430-9E5F-561A2211FA05}"
EndProject
Project("{9A19103F-16F7-4668-BE54-9A1E7A4F7556}") = "iOperatorOverloading", "iOperatorOverloading\iOperatorOverloading.csproj", "{6B501D80-DE1A-4DAE-BC3D-16B7F19F6DFC}"
EndProject
Project("{2150E333-8FDC-42A3-9474-1A3956D46DE8}") = "iWPF", "iWPF", "{78D139F9-5B58-4C8B-9FFD-543FF210DC81}"
EndProject
Project("{9A19103F-16F7-4668-BE54-9A1E7A4F7556}") = "iWPF.Calculator", "iWPF\iWPF_Calculator\iWPF.Calculator.csproj", "{759D2D32-D55F-4BD8-83C9-247E4EB4B37E}"
EndProject
Project("{9A19103F-16F7-4668-BE54-9A1E7A4F7556}") = "iWPF.CheckBox", "iWPF\iWPF_CheckBox\iWPF.CheckBox.csproj", "{2111119A-5EDB-4E28-8F6C-C5B952915FF4}"
EndProject
Project("{9A19103F-16F7-4668-BE54-9A1E7A4F7556}") = "iWPF.ComboBox", "iWPF\iWPF_ComboBox\iWPF.ComboBox.csproj", "{071FEE66-B87D-4ACE-8017-972C9915971B}"
EndProject
Project("{9A19103F-16F7-4668-BE54-9A1E7A4F7556}") = "iWPF.CurrencyConvertorWithAPI", "iWPF\iWPF_CurrencyConvertorWithAPI\iWPF.CurrencyConvertorWithAPI.csproj", "{BD0219BF-6245-4CAA-8A39-FC8BD16E0C03}"
EndProject
Project("{FAE04EC0-301F-11D3-BF4B-00C04F79EFBC}") = "iWPF.LinqToSQL", "iWPF\iWPF_LinqToSQL\iWPF.LinqToSQL.csproj", "{C8AF6490-B43E-4576-8991-4F1629FFD743}"
EndProject
Project("{9A19103F-16F7-4668-BE54-9A1E7A4F7556}") = "iWPF.ListBox", "iWPF\iWPF_ListBox\iWPF.ListBox.csproj", "{CB0287CA-6A8A-44D1-B386-CC42AE4FD855}"
EndProject
Project("{9A19103F-16F7-4668-BE54-9A1E7A4F7556}") = "iWPF.LoginForm", "iWPF\iWPF_LoginForm\iWPF.LoginForm.csproj", "{40971D9D-05F8-45EC-A654-25B297D7888D}"
EndProject
Project("{9A19103F-16F7-4668-BE54-9A1E7A4F7556}") = "iWPF.MVVM", "iWPF\iWPF_MVVM\iWPF.MVVM.csproj", "{90D6C212-D216-4AB0-90A7-3A8FF9A27EC5}"
EndProject
Project("{9A19103F-16F7-4668-BE54-9A1E7A4F7556}") = "iWPF.Property_Data_and_EventsTriggers", "iWPF\iWPF_Property_Data_and_EventsTriggers\iWPF.Property_Data_and_EventsTriggers.csproj", "{27AAD61E-8773-4403-A103-93AFEE9C7279}"
EndProject
Project("{9A19103F-16F7-4668-BE54-9A1E7A4F7556}") = "iWPF.RadioButtons_and_Images", "iWPF\iWPF_RadioButtons_and_Images\iWPF.RadioButtons_and_Images.csproj", "{38264AC5-8CFC-499A-86AF-7D3C8540AD23}"
EndProject
Project("{9A19103F-16F7-4668-BE54-9A1E7A4F7556}") = "iWPF.S01", "iWPF\iWPF_S01\iWPF.S01.csproj", "{768F744E-FD5D-43FA-B224-399D18FD1F7E}"
EndProject
Project("{9A19103F-16F7-4668-BE54-9A1E7A4F7556}") = "iWPF.S02_TreeView", "iWPF\iWPF_S02_TreeView\iWPF.S02_TreeView.csproj", "{147B0A27-8EC8-40D3-921D-FFB5CCA984A3}"
EndProject
Project("{9A19103F-16F7-4668-BE54-9A1E7A4F7556}") = "iWPF.S03", "iWPF\iWPF_S03\iWPF.S03.csproj", "{EBA02CA4-C498-4132-A766-5F72F701A8D8}"
EndProject
Project("{9A19103F-16F7-4668-BE54-9A1E7A4F7556}") = "iWPF.S04", "iWPF\iWPF_S04\iWPF.S04.csproj", "{B6DA5FE2-CAA1-4201-B775-211E6E3390C2}"
EndProject
Project("{9A19103F-16F7-4668-BE54-9A1E7A4F7556}") = "iWPF.S05", "iWPF\iWPF_S05\iWPF.S05.csproj", "{8F4F9AC8-FCDD-40FC-825C-7236FB69735E}"
EndProject
Project("{9A19103F-16F7-4668-BE54-9A1E7A4F7556}") = "iWPF.S06_HandyControls", "iWPF\iWPF_S06_HandyControls\iWPF.S06_HandyControls.csproj", "{17192AC1-010F-41CF-A937-185975211B78}"
EndProject
Project("{FAE04EC0-301F-11D3-BF4B-00C04F79EFBC}") = "iWPF.S06_LINQ_To_SQL", "iWPF\iWPF_S06_LINQ_To_SQL\iWPF.S06_LINQ_To_SQL.csproj", "{C945F0EF-364C-4B75-A02E-4BAB11121FFE}"
EndProject
Project("{9A19103F-16F7-4668-BE54-9A1E7A4F7556}") = "iWPF.S11_StringFormats", "iWPF\iWPF_S11_StringFormats\iWPF.S11_StringFormats.csproj", "{8D672C73-1F2F-4334-9B5A-6617C669AA7A}"
EndProject
Project("{FAE04EC0-301F-11D3-BF4B-00C04F79EFBC}") = "iWPF.S12_Stimulsoft_Report", "iWPF\iWPF_S12_Stimulsoft_Report\iWPF.S12_Stimulsoft_Report.csproj", "{7E2229DC-17E3-4470-A2CA-9EC6C216DDC5}"
EndProject
Project("{9A19103F-16F7-4668-BE54-9A1E7A4F7556}") = "iWPF.Tasks", "iWPF\iWPF_Tasks\iWPF.Tasks.csproj", "{ED1C91D5-9B55-420F-BD90-6C8CCFE3DE65}"
EndProject
Project("{9A19103F-16F7-4668-BE54-9A1E7A4F7556}") = "iWPF.ToolTip", "iWPF\iWPF_ToolTip\iWPF.ToolTip.csproj", "{43F8661C-65FB-4F9B-BD5E-959CC420E1A7}"
EndProject
Project("{FAE04EC0-301F-11D3-BF4B-00C04F79EFBC}") = "iWPF.ZooManager", "iWPF\iWPF_ZooManager\iWPF.ZooManager.csproj", "{07BA89DD-4855-4026-9FAE-646BC7649AF9}"
EndProject
Project("{9A19103F-16F7-4668-BE54-9A1E7A4F7556}") = "iWPF.S05_AnalogClock", "iWPF\iWPF_S05_AnalogClock\iWPF.S05_AnalogClock.csproj", "{C76FCF08-B91D-4120-AF3E-A58B87867A56}"
EndProject
Project("{2150E333-8FDC-42A3-9474-1A3956D46DE8}") = "iSort", "iSort", "{9B511FC3-FD85-4C2C-8513-347C6F76BED1}"
EndProject
Project("{FAE04EC0-301F-11D3-BF4B-00C04F79EFBC}") = "iSort.BubbleSort", "iSort\CSharp-CodeSnippet.iSort.BubbleSort\iSort.BubbleSort.csproj", "{9B8DB915-2118-4F1A-8C91-59161AB75F42}"
EndProject
Global
	GlobalSection(SolutionConfigurationPlatforms) = preSolution
		Debug|Any CPU = Debug|Any CPU
		Release|Any CPU = Release|Any CPU
	EndGlobalSection
	GlobalSection(ProjectConfigurationPlatforms) = postSolution
		{59E7B14C-416E-46B7-8AAA-04FCEA4591ED}.Debug|Any CPU.ActiveCfg = Debug|Any CPU
		{59E7B14C-416E-46B7-8AAA-04FCEA4591ED}.Debug|Any CPU.Build.0 = Debug|Any CPU
		{59E7B14C-416E-46B7-8AAA-04FCEA4591ED}.Release|Any CPU.ActiveCfg = Release|Any CPU
		{59E7B14C-416E-46B7-8AAA-04FCEA4591ED}.Release|Any CPU.Build.0 = Release|Any CPU
		{DD529CFE-F074-4687-94E3-673F78B10E95}.Debug|Any CPU.ActiveCfg = Debug|Any CPU
		{DD529CFE-F074-4687-94E3-673F78B10E95}.Debug|Any CPU.Build.0 = Debug|Any CPU
		{DD529CFE-F074-4687-94E3-673F78B10E95}.Release|Any CPU.ActiveCfg = Release|Any CPU
		{DD529CFE-F074-4687-94E3-673F78B10E95}.Release|Any CPU.Build.0 = Release|Any CPU
		{FD49D145-1D8B-4BDA-81BB-610BB84336E1}.Debug|Any CPU.ActiveCfg = Debug|Any CPU
		{FD49D145-1D8B-4BDA-81BB-610BB84336E1}.Debug|Any CPU.Build.0 = Debug|Any CPU
		{FD49D145-1D8B-4BDA-81BB-610BB84336E1}.Release|Any CPU.ActiveCfg = Release|Any CPU
		{FD49D145-1D8B-4BDA-81BB-610BB84336E1}.Release|Any CPU.Build.0 = Release|Any CPU
		{133733AC-CF1C-45A8-947D-6FB0AAC5E39F}.Debug|Any CPU.ActiveCfg = Debug|Any CPU
		{133733AC-CF1C-45A8-947D-6FB0AAC5E39F}.Debug|Any CPU.Build.0 = Debug|Any CPU
		{133733AC-CF1C-45A8-947D-6FB0AAC5E39F}.Release|Any CPU.ActiveCfg = Release|Any CPU
		{133733AC-CF1C-45A8-947D-6FB0AAC5E39F}.Release|Any CPU.Build.0 = Release|Any CPU
		{41D6044B-DA5C-42E2-9553-6EE1202F4392}.Debug|Any CPU.ActiveCfg = Debug|Any CPU
		{41D6044B-DA5C-42E2-9553-6EE1202F4392}.Debug|Any CPU.Build.0 = Debug|Any CPU
		{41D6044B-DA5C-42E2-9553-6EE1202F4392}.Release|Any CPU.ActiveCfg = Release|Any CPU
		{41D6044B-DA5C-42E2-9553-6EE1202F4392}.Release|Any CPU.Build.0 = Release|Any CPU
		{68E54FC0-0F28-42CA-89F5-7F6985D87E3A}.Debug|Any CPU.ActiveCfg = Debug|Any CPU
		{68E54FC0-0F28-42CA-89F5-7F6985D87E3A}.Debug|Any CPU.Build.0 = Debug|Any CPU
		{68E54FC0-0F28-42CA-89F5-7F6985D87E3A}.Release|Any CPU.ActiveCfg = Release|Any CPU
		{68E54FC0-0F28-42CA-89F5-7F6985D87E3A}.Release|Any CPU.Build.0 = Release|Any CPU
		{5173BD64-D71A-41E2-8A0F-D2052FFB25A5}.Debug|Any CPU.ActiveCfg = Debug|Any CPU
		{5173BD64-D71A-41E2-8A0F-D2052FFB25A5}.Debug|Any CPU.Build.0 = Debug|Any CPU
		{5173BD64-D71A-41E2-8A0F-D2052FFB25A5}.Release|Any CPU.ActiveCfg = Release|Any CPU
		{5173BD64-D71A-41E2-8A0F-D2052FFB25A5}.Release|Any CPU.Build.0 = Release|Any CPU
		{FAF886A1-19EB-460F-A335-5E8EE90351EF}.Debug|Any CPU.ActiveCfg = Debug|Any CPU
		{FAF886A1-19EB-460F-A335-5E8EE90351EF}.Debug|Any CPU.Build.0 = Debug|Any CPU
		{FAF886A1-19EB-460F-A335-5E8EE90351EF}.Release|Any CPU.ActiveCfg = Release|Any CPU
		{FAF886A1-19EB-460F-A335-5E8EE90351EF}.Release|Any CPU.Build.0 = Release|Any CPU
		{947D8865-796B-41BF-8AD0-78C3FA8DD990}.Debug|Any CPU.ActiveCfg = Debug|Any CPU
		{947D8865-796B-41BF-8AD0-78C3FA8DD990}.Debug|Any CPU.Build.0 = Debug|Any CPU
		{947D8865-796B-41BF-8AD0-78C3FA8DD990}.Release|Any CPU.ActiveCfg = Release|Any CPU
		{947D8865-796B-41BF-8AD0-78C3FA8DD990}.Release|Any CPU.Build.0 = Release|Any CPU
		{B056BE10-A9E0-4587-88D1-623DF80B664E}.Debug|Any CPU.ActiveCfg = Debug|Any CPU
		{B056BE10-A9E0-4587-88D1-623DF80B664E}.Debug|Any CPU.Build.0 = Debug|Any CPU
		{B056BE10-A9E0-4587-88D1-623DF80B664E}.Release|Any CPU.ActiveCfg = Release|Any CPU
		{B056BE10-A9E0-4587-88D1-623DF80B664E}.Release|Any CPU.Build.0 = Release|Any CPU
		{75C2B46A-62E4-4CE6-B0C5-C0B9B8A1D393}.Debug|Any CPU.ActiveCfg = Debug|Any CPU
		{75C2B46A-62E4-4CE6-B0C5-C0B9B8A1D393}.Debug|Any CPU.Build.0 = Debug|Any CPU
		{75C2B46A-62E4-4CE6-B0C5-C0B9B8A1D393}.Release|Any CPU.ActiveCfg = Release|Any CPU
		{75C2B46A-62E4-4CE6-B0C5-C0B9B8A1D393}.Release|Any CPU.Build.0 = Release|Any CPU
		{61C3B423-5FB4-4434-A587-01CD3037EB09}.Debug|Any CPU.ActiveCfg = Debug|Any CPU
		{61C3B423-5FB4-4434-A587-01CD3037EB09}.Debug|Any CPU.Build.0 = Debug|Any CPU
		{61C3B423-5FB4-4434-A587-01CD3037EB09}.Release|Any CPU.ActiveCfg = Release|Any CPU
		{61C3B423-5FB4-4434-A587-01CD3037EB09}.Release|Any CPU.Build.0 = Release|Any CPU
		{62768C96-51DC-4766-92FA-37A3CED6FFA2}.Debug|Any CPU.ActiveCfg = Debug|Any CPU
		{62768C96-51DC-4766-92FA-37A3CED6FFA2}.Debug|Any CPU.Build.0 = Debug|Any CPU
		{62768C96-51DC-4766-92FA-37A3CED6FFA2}.Release|Any CPU.ActiveCfg = Release|Any CPU
		{62768C96-51DC-4766-92FA-37A3CED6FFA2}.Release|Any CPU.Build.0 = Release|Any CPU
		{CD2D758F-AA5D-4786-937D-8D64CEB2A5F6}.Debug|Any CPU.ActiveCfg = Debug|Any CPU
		{CD2D758F-AA5D-4786-937D-8D64CEB2A5F6}.Debug|Any CPU.Build.0 = Debug|Any CPU
		{CD2D758F-AA5D-4786-937D-8D64CEB2A5F6}.Release|Any CPU.ActiveCfg = Release|Any CPU
		{CD2D758F-AA5D-4786-937D-8D64CEB2A5F6}.Release|Any CPU.Build.0 = Release|Any CPU
		{607F9E66-8ED8-4DFF-9D6F-B60F4F6AAA89}.Debug|Any CPU.ActiveCfg = Debug|Any CPU
		{607F9E66-8ED8-4DFF-9D6F-B60F4F6AAA89}.Debug|Any CPU.Build.0 = Debug|Any CPU
		{607F9E66-8ED8-4DFF-9D6F-B60F4F6AAA89}.Release|Any CPU.ActiveCfg = Release|Any CPU
		{607F9E66-8ED8-4DFF-9D6F-B60F4F6AAA89}.Release|Any CPU.Build.0 = Release|Any CPU
		{0B7E7FB3-9CC7-4328-BC9C-EF9BC4FCC703}.Debug|Any CPU.ActiveCfg = Debug|Any CPU
		{0B7E7FB3-9CC7-4328-BC9C-EF9BC4FCC703}.Debug|Any CPU.Build.0 = Debug|Any CPU
		{0B7E7FB3-9CC7-4328-BC9C-EF9BC4FCC703}.Release|Any CPU.ActiveCfg = Release|Any CPU
		{0B7E7FB3-9CC7-4328-BC9C-EF9BC4FCC703}.Release|Any CPU.Build.0 = Release|Any CPU
		{7B9E93A2-D3D0-4708-8F60-5DD5DD6CB3C3}.Debug|Any CPU.ActiveCfg = Debug|Any CPU
		{7B9E93A2-D3D0-4708-8F60-5DD5DD6CB3C3}.Debug|Any CPU.Build.0 = Debug|Any CPU
		{7B9E93A2-D3D0-4708-8F60-5DD5DD6CB3C3}.Release|Any CPU.ActiveCfg = Release|Any CPU
		{7B9E93A2-D3D0-4708-8F60-5DD5DD6CB3C3}.Release|Any CPU.Build.0 = Release|Any CPU
		{44D5806D-47DB-4020-B855-ED18A6BBD503}.Debug|Any CPU.ActiveCfg = Debug|Any CPU
		{44D5806D-47DB-4020-B855-ED18A6BBD503}.Debug|Any CPU.Build.0 = Debug|Any CPU
		{44D5806D-47DB-4020-B855-ED18A6BBD503}.Release|Any CPU.ActiveCfg = Release|Any CPU
		{44D5806D-47DB-4020-B855-ED18A6BBD503}.Release|Any CPU.Build.0 = Release|Any CPU
		{3758D2B7-7984-4695-9F9C-3330E7EACAA9}.Debug|Any CPU.ActiveCfg = Debug|Any CPU
		{3758D2B7-7984-4695-9F9C-3330E7EACAA9}.Debug|Any CPU.Build.0 = Debug|Any CPU
		{3758D2B7-7984-4695-9F9C-3330E7EACAA9}.Release|Any CPU.ActiveCfg = Release|Any CPU
		{3758D2B7-7984-4695-9F9C-3330E7EACAA9}.Release|Any CPU.Build.0 = Release|Any CPU
		{2C646BDA-0CB8-4DE7-A4FA-AC4E00376102}.Debug|Any CPU.ActiveCfg = Debug|Any CPU
		{2C646BDA-0CB8-4DE7-A4FA-AC4E00376102}.Debug|Any CPU.Build.0 = Debug|Any CPU
		{2C646BDA-0CB8-4DE7-A4FA-AC4E00376102}.Release|Any CPU.ActiveCfg = Release|Any CPU
		{2C646BDA-0CB8-4DE7-A4FA-AC4E00376102}.Release|Any CPU.Build.0 = Release|Any CPU
		{DD771318-5CA2-478C-BC86-1E44302F23E8}.Debug|Any CPU.ActiveCfg = Debug|Any CPU
		{DD771318-5CA2-478C-BC86-1E44302F23E8}.Debug|Any CPU.Build.0 = Debug|Any CPU
		{DD771318-5CA2-478C-BC86-1E44302F23E8}.Release|Any CPU.ActiveCfg = Release|Any CPU
		{DD771318-5CA2-478C-BC86-1E44302F23E8}.Release|Any CPU.Build.0 = Release|Any CPU
		{686BFE86-94F4-4BE4-8D53-D310C1ED257E}.Debug|Any CPU.ActiveCfg = Debug|Any CPU
		{686BFE86-94F4-4BE4-8D53-D310C1ED257E}.Debug|Any CPU.Build.0 = Debug|Any CPU
		{686BFE86-94F4-4BE4-8D53-D310C1ED257E}.Release|Any CPU.ActiveCfg = Release|Any CPU
		{686BFE86-94F4-4BE4-8D53-D310C1ED257E}.Release|Any CPU.Build.0 = Release|Any CPU
		{20AD07FC-1A8B-49B7-A909-1463A4751600}.Debug|Any CPU.ActiveCfg = Debug|Any CPU
		{20AD07FC-1A8B-49B7-A909-1463A4751600}.Debug|Any CPU.Build.0 = Debug|Any CPU
		{20AD07FC-1A8B-49B7-A909-1463A4751600}.Release|Any CPU.ActiveCfg = Release|Any CPU
		{20AD07FC-1A8B-49B7-A909-1463A4751600}.Release|Any CPU.Build.0 = Release|Any CPU
		{5FA79A95-995B-4D60-8993-2E2CF1C79F71}.Debug|Any CPU.ActiveCfg = Debug|Any CPU
		{5FA79A95-995B-4D60-8993-2E2CF1C79F71}.Debug|Any CPU.Build.0 = Debug|Any CPU
		{5FA79A95-995B-4D60-8993-2E2CF1C79F71}.Release|Any CPU.ActiveCfg = Release|Any CPU
		{5FA79A95-995B-4D60-8993-2E2CF1C79F71}.Release|Any CPU.Build.0 = Release|Any CPU
		{40301FDE-6514-4430-9E5F-561A2211FA05}.Debug|Any CPU.ActiveCfg = Debug|Any CPU
		{40301FDE-6514-4430-9E5F-561A2211FA05}.Debug|Any CPU.Build.0 = Debug|Any CPU
		{40301FDE-6514-4430-9E5F-561A2211FA05}.Release|Any CPU.ActiveCfg = Release|Any CPU
		{40301FDE-6514-4430-9E5F-561A2211FA05}.Release|Any CPU.Build.0 = Release|Any CPU
		{6B501D80-DE1A-4DAE-BC3D-16B7F19F6DFC}.Debug|Any CPU.ActiveCfg = Debug|Any CPU
		{6B501D80-DE1A-4DAE-BC3D-16B7F19F6DFC}.Debug|Any CPU.Build.0 = Debug|Any CPU
		{6B501D80-DE1A-4DAE-BC3D-16B7F19F6DFC}.Release|Any CPU.ActiveCfg = Release|Any CPU
		{6B501D80-DE1A-4DAE-BC3D-16B7F19F6DFC}.Release|Any CPU.Build.0 = Release|Any CPU
		{759D2D32-D55F-4BD8-83C9-247E4EB4B37E}.Debug|Any CPU.ActiveCfg = Debug|Any CPU
		{759D2D32-D55F-4BD8-83C9-247E4EB4B37E}.Debug|Any CPU.Build.0 = Debug|Any CPU
		{759D2D32-D55F-4BD8-83C9-247E4EB4B37E}.Release|Any CPU.ActiveCfg = Release|Any CPU
		{759D2D32-D55F-4BD8-83C9-247E4EB4B37E}.Release|Any CPU.Build.0 = Release|Any CPU
		{2111119A-5EDB-4E28-8F6C-C5B952915FF4}.Debug|Any CPU.ActiveCfg = Debug|Any CPU
		{2111119A-5EDB-4E28-8F6C-C5B952915FF4}.Debug|Any CPU.Build.0 = Debug|Any CPU
		{2111119A-5EDB-4E28-8F6C-C5B952915FF4}.Release|Any CPU.ActiveCfg = Release|Any CPU
		{2111119A-5EDB-4E28-8F6C-C5B952915FF4}.Release|Any CPU.Build.0 = Release|Any CPU
		{071FEE66-B87D-4ACE-8017-972C9915971B}.Debug|Any CPU.ActiveCfg = Debug|Any CPU
		{071FEE66-B87D-4ACE-8017-972C9915971B}.Debug|Any CPU.Build.0 = Debug|Any CPU
		{071FEE66-B87D-4ACE-8017-972C9915971B}.Release|Any CPU.ActiveCfg = Release|Any CPU
		{071FEE66-B87D-4ACE-8017-972C9915971B}.Release|Any CPU.Build.0 = Release|Any CPU
		{BD0219BF-6245-4CAA-8A39-FC8BD16E0C03}.Debug|Any CPU.ActiveCfg = Debug|Any CPU
		{BD0219BF-6245-4CAA-8A39-FC8BD16E0C03}.Debug|Any CPU.Build.0 = Debug|Any CPU
		{BD0219BF-6245-4CAA-8A39-FC8BD16E0C03}.Release|Any CPU.ActiveCfg = Release|Any CPU
		{BD0219BF-6245-4CAA-8A39-FC8BD16E0C03}.Release|Any CPU.Build.0 = Release|Any CPU
		{C8AF6490-B43E-4576-8991-4F1629FFD743}.Debug|Any CPU.ActiveCfg = Debug|Any CPU
		{C8AF6490-B43E-4576-8991-4F1629FFD743}.Debug|Any CPU.Build.0 = Debug|Any CPU
		{C8AF6490-B43E-4576-8991-4F1629FFD743}.Release|Any CPU.ActiveCfg = Release|Any CPU
		{C8AF6490-B43E-4576-8991-4F1629FFD743}.Release|Any CPU.Build.0 = Release|Any CPU
		{CB0287CA-6A8A-44D1-B386-CC42AE4FD855}.Debug|Any CPU.ActiveCfg = Debug|Any CPU
		{CB0287CA-6A8A-44D1-B386-CC42AE4FD855}.Debug|Any CPU.Build.0 = Debug|Any CPU
		{CB0287CA-6A8A-44D1-B386-CC42AE4FD855}.Release|Any CPU.ActiveCfg = Release|Any CPU
		{CB0287CA-6A8A-44D1-B386-CC42AE4FD855}.Release|Any CPU.Build.0 = Release|Any CPU
		{40971D9D-05F8-45EC-A654-25B297D7888D}.Debug|Any CPU.ActiveCfg = Debug|Any CPU
		{40971D9D-05F8-45EC-A654-25B297D7888D}.Debug|Any CPU.Build.0 = Debug|Any CPU
		{40971D9D-05F8-45EC-A654-25B297D7888D}.Release|Any CPU.ActiveCfg = Release|Any CPU
		{40971D9D-05F8-45EC-A654-25B297D7888D}.Release|Any CPU.Build.0 = Release|Any CPU
		{90D6C212-D216-4AB0-90A7-3A8FF9A27EC5}.Debug|Any CPU.ActiveCfg = Debug|Any CPU
		{90D6C212-D216-4AB0-90A7-3A8FF9A27EC5}.Debug|Any CPU.Build.0 = Debug|Any CPU
		{90D6C212-D216-4AB0-90A7-3A8FF9A27EC5}.Release|Any CPU.ActiveCfg = Release|Any CPU
		{90D6C212-D216-4AB0-90A7-3A8FF9A27EC5}.Release|Any CPU.Build.0 = Release|Any CPU
		{27AAD61E-8773-4403-A103-93AFEE9C7279}.Debug|Any CPU.ActiveCfg = Debug|Any CPU
		{27AAD61E-8773-4403-A103-93AFEE9C7279}.Debug|Any CPU.Build.0 = Debug|Any CPU
		{27AAD61E-8773-4403-A103-93AFEE9C7279}.Release|Any CPU.ActiveCfg = Release|Any CPU
		{27AAD61E-8773-4403-A103-93AFEE9C7279}.Release|Any CPU.Build.0 = Release|Any CPU
		{38264AC5-8CFC-499A-86AF-7D3C8540AD23}.Debug|Any CPU.ActiveCfg = Debug|Any CPU
		{38264AC5-8CFC-499A-86AF-7D3C8540AD23}.Debug|Any CPU.Build.0 = Debug|Any CPU
		{38264AC5-8CFC-499A-86AF-7D3C8540AD23}.Release|Any CPU.ActiveCfg = Release|Any CPU
		{38264AC5-8CFC-499A-86AF-7D3C8540AD23}.Release|Any CPU.Build.0 = Release|Any CPU
		{768F744E-FD5D-43FA-B224-399D18FD1F7E}.Debug|Any CPU.ActiveCfg = Debug|Any CPU
		{768F744E-FD5D-43FA-B224-399D18FD1F7E}.Debug|Any CPU.Build.0 = Debug|Any CPU
		{768F744E-FD5D-43FA-B224-399D18FD1F7E}.Release|Any CPU.ActiveCfg = Release|Any CPU
		{768F744E-FD5D-43FA-B224-399D18FD1F7E}.Release|Any CPU.Build.0 = Release|Any CPU
		{147B0A27-8EC8-40D3-921D-FFB5CCA984A3}.Debug|Any CPU.ActiveCfg = Debug|Any CPU
		{147B0A27-8EC8-40D3-921D-FFB5CCA984A3}.Debug|Any CPU.Build.0 = Debug|Any CPU
		{147B0A27-8EC8-40D3-921D-FFB5CCA984A3}.Release|Any CPU.ActiveCfg = Release|Any CPU
		{147B0A27-8EC8-40D3-921D-FFB5CCA984A3}.Release|Any CPU.Build.0 = Release|Any CPU
		{EBA02CA4-C498-4132-A766-5F72F701A8D8}.Debug|Any CPU.ActiveCfg = Debug|Any CPU
		{EBA02CA4-C498-4132-A766-5F72F701A8D8}.Debug|Any CPU.Build.0 = Debug|Any CPU
		{EBA02CA4-C498-4132-A766-5F72F701A8D8}.Release|Any CPU.ActiveCfg = Release|Any CPU
		{EBA02CA4-C498-4132-A766-5F72F701A8D8}.Release|Any CPU.Build.0 = Release|Any CPU
		{B6DA5FE2-CAA1-4201-B775-211E6E3390C2}.Debug|Any CPU.ActiveCfg = Debug|Any CPU
		{B6DA5FE2-CAA1-4201-B775-211E6E3390C2}.Debug|Any CPU.Build.0 = Debug|Any CPU
		{B6DA5FE2-CAA1-4201-B775-211E6E3390C2}.Release|Any CPU.ActiveCfg = Release|Any CPU
		{B6DA5FE2-CAA1-4201-B775-211E6E3390C2}.Release|Any CPU.Build.0 = Release|Any CPU
		{8F4F9AC8-FCDD-40FC-825C-7236FB69735E}.Debug|Any CPU.ActiveCfg = Debug|Any CPU
		{8F4F9AC8-FCDD-40FC-825C-7236FB69735E}.Debug|Any CPU.Build.0 = Debug|Any CPU
		{8F4F9AC8-FCDD-40FC-825C-7236FB69735E}.Release|Any CPU.ActiveCfg = Release|Any CPU
		{8F4F9AC8-FCDD-40FC-825C-7236FB69735E}.Release|Any CPU.Build.0 = Release|Any CPU
		{17192AC1-010F-41CF-A937-185975211B78}.Debug|Any CPU.ActiveCfg = Debug|Any CPU
		{17192AC1-010F-41CF-A937-185975211B78}.Debug|Any CPU.Build.0 = Debug|Any CPU
		{17192AC1-010F-41CF-A937-185975211B78}.Release|Any CPU.ActiveCfg = Release|Any CPU
		{17192AC1-010F-41CF-A937-185975211B78}.Release|Any CPU.Build.0 = Release|Any CPU
		{C945F0EF-364C-4B75-A02E-4BAB11121FFE}.Debug|Any CPU.ActiveCfg = Debug|Any CPU
		{C945F0EF-364C-4B75-A02E-4BAB11121FFE}.Debug|Any CPU.Build.0 = Debug|Any CPU
		{C945F0EF-364C-4B75-A02E-4BAB11121FFE}.Release|Any CPU.ActiveCfg = Release|Any CPU
		{C945F0EF-364C-4B75-A02E-4BAB11121FFE}.Release|Any CPU.Build.0 = Release|Any CPU
		{8D672C73-1F2F-4334-9B5A-6617C669AA7A}.Debug|Any CPU.ActiveCfg = Debug|Any CPU
		{8D672C73-1F2F-4334-9B5A-6617C669AA7A}.Debug|Any CPU.Build.0 = Debug|Any CPU
		{8D672C73-1F2F-4334-9B5A-6617C669AA7A}.Release|Any CPU.ActiveCfg = Release|Any CPU
		{8D672C73-1F2F-4334-9B5A-6617C669AA7A}.Release|Any CPU.Build.0 = Release|Any CPU
		{7E2229DC-17E3-4470-A2CA-9EC6C216DDC5}.Debug|Any CPU.ActiveCfg = Debug|Any CPU
		{7E2229DC-17E3-4470-A2CA-9EC6C216DDC5}.Debug|Any CPU.Build.0 = Debug|Any CPU
		{7E2229DC-17E3-4470-A2CA-9EC6C216DDC5}.Release|Any CPU.ActiveCfg = Release|Any CPU
		{7E2229DC-17E3-4470-A2CA-9EC6C216DDC5}.Release|Any CPU.Build.0 = Release|Any CPU
		{ED1C91D5-9B55-420F-BD90-6C8CCFE3DE65}.Debug|Any CPU.ActiveCfg = Debug|Any CPU
		{ED1C91D5-9B55-420F-BD90-6C8CCFE3DE65}.Debug|Any CPU.Build.0 = Debug|Any CPU
		{ED1C91D5-9B55-420F-BD90-6C8CCFE3DE65}.Release|Any CPU.ActiveCfg = Release|Any CPU
		{ED1C91D5-9B55-420F-BD90-6C8CCFE3DE65}.Release|Any CPU.Build.0 = Release|Any CPU
		{43F8661C-65FB-4F9B-BD5E-959CC420E1A7}.Debug|Any CPU.ActiveCfg = Debug|Any CPU
		{43F8661C-65FB-4F9B-BD5E-959CC420E1A7}.Debug|Any CPU.Build.0 = Debug|Any CPU
		{43F8661C-65FB-4F9B-BD5E-959CC420E1A7}.Release|Any CPU.ActiveCfg = Release|Any CPU
		{43F8661C-65FB-4F9B-BD5E-959CC420E1A7}.Release|Any CPU.Build.0 = Release|Any CPU
		{07BA89DD-4855-4026-9FAE-646BC7649AF9}.Debug|Any CPU.ActiveCfg = Debug|Any CPU
		{07BA89DD-4855-4026-9FAE-646BC7649AF9}.Debug|Any CPU.Build.0 = Debug|Any CPU
		{07BA89DD-4855-4026-9FAE-646BC7649AF9}.Release|Any CPU.ActiveCfg = Release|Any CPU
		{07BA89DD-4855-4026-9FAE-646BC7649AF9}.Release|Any CPU.Build.0 = Release|Any CPU
		{C76FCF08-B91D-4120-AF3E-A58B87867A56}.Debug|Any CPU.ActiveCfg = Debug|Any CPU
		{C76FCF08-B91D-4120-AF3E-A58B87867A56}.Debug|Any CPU.Build.0 = Debug|Any CPU
		{C76FCF08-B91D-4120-AF3E-A58B87867A56}.Release|Any CPU.ActiveCfg = Release|Any CPU
		{C76FCF08-B91D-4120-AF3E-A58B87867A56}.Release|Any CPU.Build.0 = Release|Any CPU
		{9B8DB915-2118-4F1A-8C91-59161AB75F42}.Debug|Any CPU.ActiveCfg = Debug|Any CPU
		{9B8DB915-2118-4F1A-8C91-59161AB75F42}.Debug|Any CPU.Build.0 = Debug|Any CPU
		{9B8DB915-2118-4F1A-8C91-59161AB75F42}.Release|Any CPU.ActiveCfg = Release|Any CPU
		{9B8DB915-2118-4F1A-8C91-59161AB75F42}.Release|Any CPU.Build.0 = Release|Any CPU
	EndGlobalSection
	GlobalSection(SolutionProperties) = preSolution
		HideSolutionNode = FALSE
	EndGlobalSection
	GlobalSection(NestedProjects) = preSolution
		{DD771318-5CA2-478C-BC86-1E44302F23E8} = {0F69BECA-B0A8-4182-8EE9-01DE79E522F0}
		{686BFE86-94F4-4BE4-8D53-D310C1ED257E} = {0F69BECA-B0A8-4182-8EE9-01DE79E522F0}
		{20AD07FC-1A8B-49B7-A909-1463A4751600} = {0F69BECA-B0A8-4182-8EE9-01DE79E522F0}
		{5FA79A95-995B-4D60-8993-2E2CF1C79F71} = {0F69BECA-B0A8-4182-8EE9-01DE79E522F0}
		{40301FDE-6514-4430-9E5F-561A2211FA05} = {618ABAE2-FFF8-4B4A-9433-CC031F3CE8F2}
		{6B501D80-DE1A-4DAE-BC3D-16B7F19F6DFC} = {618ABAE2-FFF8-4B4A-9433-CC031F3CE8F2}
		{759D2D32-D55F-4BD8-83C9-247E4EB4B37E} = {78D139F9-5B58-4C8B-9FFD-543FF210DC81}
		{2111119A-5EDB-4E28-8F6C-C5B952915FF4} = {78D139F9-5B58-4C8B-9FFD-543FF210DC81}
		{071FEE66-B87D-4ACE-8017-972C9915971B} = {78D139F9-5B58-4C8B-9FFD-543FF210DC81}
		{BD0219BF-6245-4CAA-8A39-FC8BD16E0C03} = {78D139F9-5B58-4C8B-9FFD-543FF210DC81}
		{C8AF6490-B43E-4576-8991-4F1629FFD743} = {78D139F9-5B58-4C8B-9FFD-543FF210DC81}
		{CB0287CA-6A8A-44D1-B386-CC42AE4FD855} = {78D139F9-5B58-4C8B-9FFD-543FF210DC81}
		{40971D9D-05F8-45EC-A654-25B297D7888D} = {78D139F9-5B58-4C8B-9FFD-543FF210DC81}
		{90D6C212-D216-4AB0-90A7-3A8FF9A27EC5} = {78D139F9-5B58-4C8B-9FFD-543FF210DC81}
		{27AAD61E-8773-4403-A103-93AFEE9C7279} = {78D139F9-5B58-4C8B-9FFD-543FF210DC81}
		{38264AC5-8CFC-499A-86AF-7D3C8540AD23} = {78D139F9-5B58-4C8B-9FFD-543FF210DC81}
		{768F744E-FD5D-43FA-B224-399D18FD1F7E} = {78D139F9-5B58-4C8B-9FFD-543FF210DC81}
		{147B0A27-8EC8-40D3-921D-FFB5CCA984A3} = {78D139F9-5B58-4C8B-9FFD-543FF210DC81}
		{EBA02CA4-C498-4132-A766-5F72F701A8D8} = {78D139F9-5B58-4C8B-9FFD-543FF210DC81}
		{B6DA5FE2-CAA1-4201-B775-211E6E3390C2} = {78D139F9-5B58-4C8B-9FFD-543FF210DC81}
		{8F4F9AC8-FCDD-40FC-825C-7236FB69735E} = {78D139F9-5B58-4C8B-9FFD-543FF210DC81}
		{17192AC1-010F-41CF-A937-185975211B78} = {78D139F9-5B58-4C8B-9FFD-543FF210DC81}
		{C945F0EF-364C-4B75-A02E-4BAB11121FFE} = {78D139F9-5B58-4C8B-9FFD-543FF210DC81}
		{8D672C73-1F2F-4334-9B5A-6617C669AA7A} = {78D139F9-5B58-4C8B-9FFD-543FF210DC81}
		{7E2229DC-17E3-4470-A2CA-9EC6C216DDC5} = {78D139F9-5B58-4C8B-9FFD-543FF210DC81}
		{ED1C91D5-9B55-420F-BD90-6C8CCFE3DE65} = {78D139F9-5B58-4C8B-9FFD-543FF210DC81}
		{43F8661C-65FB-4F9B-BD5E-959CC420E1A7} = {78D139F9-5B58-4C8B-9FFD-543FF210DC81}
		{07BA89DD-4855-4026-9FAE-646BC7649AF9} = {78D139F9-5B58-4C8B-9FFD-543FF210DC81}
		{C76FCF08-B91D-4120-AF3E-A58B87867A56} = {78D139F9-5B58-4C8B-9FFD-543FF210DC81}
		{9B8DB915-2118-4F1A-8C91-59161AB75F42} = {9B511FC3-FD85-4C2C-8513-347C6F76BED1}
	EndGlobalSection
	GlobalSection(ExtensibilityGlobals) = postSolution
		SolutionGuid = {B71D1B38-C041-4707-8E22-1E08D97D82D9}
	EndGlobalSection
EndGlobal
