
Microsoft Visual Studio Solution File, Format Version 12.00
# Visual Studio Version 17
VisualStudioVersion = 17.0.31912.275
MinimumVisualStudioVersion = 10.0.40219.1
Project("{9A19103F-16F7-4668-BE54-9A1E7A4F7556}") = "iFiles", "iFiles\iFiles.csproj", "{FD49D145-1D8B-4BDA-81BB-610BB84336E1}"
EndProject
Project("{FAE04EC0-301F-11D3-BF4B-00C04F79EFBC}") = "iExtensionMethod", "iExtensionMethod\iExtensionMethod.csproj", "{68E54FC0-0F28-42CA-89F5-7F6985D87E3A}"
EndProject
Project("{9A19103F-16F7-4668-BE54-9A1E7A4F7556}") = "iRandom", "iRandom\iRandom.csproj", "{B056BE10-A9E0-4587-88D1-623DF80B664E}"
EndProject
Project("{9A19103F-16F7-4668-BE54-9A1E7A4F7556}") = "iRegularExpression", "iRegularExpression\iRegularExpression.csproj", "{75C2B46A-62E4-4CE6-B0C5-C0B9B8A1D393}"
EndProject
Project("{9A19103F-16F7-4668-BE54-9A1E7A4F7556}") = "iGarbageCollector", "iGarbageCollection\iGarbageCollector.csproj", "{CD2D758F-AA5D-4786-937D-8D64CEB2A5F6}"
EndProject
Project("{9A19103F-16F7-4668-BE54-9A1E7A4F7556}") = "iEvents_and_Delegates", "iEvents_and_Delegates\iEvents_and_Delegates.csproj", "{607F9E66-8ED8-4DFF-9D6F-B60F4F6AAA89}"
EndProject
Project("{2150E333-8FDC-42A3-9474-1A3956D46DE8}") = "iGenerics", "iGenerics", "{0F69BECA-B0A8-4182-8EE9-01DE79E522F0}"
EndProject
Project("{2150E333-8FDC-42A3-9474-1A3956D46DE8}") = "iOperators", "iOperators", "{618ABAE2-FFF8-4B4A-9433-CC031F3CE8F2}"
EndProject
Project("{2150E333-8FDC-42A3-9474-1A3956D46DE8}") = "iWPF", "iWPF", "{78D139F9-5B58-4C8B-9FFD-543FF210DC81}"
EndProject
Project("{2150E333-8FDC-42A3-9474-1A3956D46DE8}") = "iSorts", "iSorts", "{9B511FC3-FD85-4C2C-8513-347C6F76BED1}"
EndProject
Project("{9A19103F-16F7-4668-BE54-9A1E7A4F7556}") = "iGenerics.Fundamentals", "iGenerics\iGenerics.Fundamentals\iGenerics.Fundamentals.csproj", "{0E355A9D-BD99-47EA-98FA-1674A63C87F0}"
EndProject
Project("{9A19103F-16F7-4668-BE54-9A1E7A4F7556}") = "iGenerics.Inheritance", "iGenerics\iGenerics.Inheritance\iGenerics.Inheritance.csproj", "{B51DE45B-CA79-4516-A8B7-8EF014826D92}"
EndProject
Project("{9A19103F-16F7-4668-BE54-9A1E7A4F7556}") = "iGenerics.NormalClassWithGenericMethod", "iGenerics\iGenerics.NormalClassWithGenericMethod\iGenerics.NormalClassWithGenericMethod.csproj", "{836711C2-260B-4840-A6E9-BEB0B09EEC1F}"
EndProject
Project("{9A19103F-16F7-4668-BE54-9A1E7A4F7556}") = "iGenerics.StaticMembers", "iGenerics\iGenerics.StaticMembers\iGenerics.StaticMembers.csproj", "{841F581B-2BFD-4608-A08B-2577B76F2B5A}"
EndProject
Project("{9A19103F-16F7-4668-BE54-9A1E7A4F7556}") = "iOperatorOverloading", "iOperators\iOperatorOverloading\iOperatorOverloading.csproj", "{E1FF336F-07AA-4645-A2A2-AD4BB8D70FC7}"
EndProject
Project("{9A19103F-16F7-4668-BE54-9A1E7A4F7556}") = "iOperator", "iOperators\iOperator\iOperator.csproj", "{0EC2FF20-886C-42C5-AA09-1E6CEBBEC99F}"
EndProject
Project("{9A19103F-16F7-4668-BE54-9A1E7A4F7556}") = "iWPF.Calculator", "iWPF\iWPF.Calculator\iWPF.Calculator.csproj", "{AAD274C0-C9CD-4D65-A8A9-4504739EA40A}"
EndProject
Project("{9A19103F-16F7-4668-BE54-9A1E7A4F7556}") = "iWPF.CheckBox", "iWPF\iWPF.CheckBox\iWPF.CheckBox.csproj", "{7FB3A5E0-508C-4CE2-B88A-68C9EEFF58F6}"
EndProject
Project("{9A19103F-16F7-4668-BE54-9A1E7A4F7556}") = "iWPF.ComboBox", "iWPF\iWPF.ComboBox\iWPF.ComboBox.csproj", "{EB3C53D6-C756-43D1-8883-3A9E78A63662}"
EndProject
Project("{9A19103F-16F7-4668-BE54-9A1E7A4F7556}") = "iWPF.CurrencyConvertorWithAPI", "iWPF\iWPF.CurrencyConvertorWithAPI\iWPF.CurrencyConvertorWithAPI.csproj", "{F0FC59CB-C9B4-44A1-AC77-5CC21970BD10}"
EndProject
Project("{FAE04EC0-301F-11D3-BF4B-00C04F79EFBC}") = "iWPF.LinqToSQL", "iWPF\iWPF.LinqToSQL\iWPF.LinqToSQL.csproj", "{C8AF6490-B43E-4576-8991-4F1629FFD743}"
EndProject
Project("{9A19103F-16F7-4668-BE54-9A1E7A4F7556}") = "iWPF.ListBox", "iWPF\iWPF.ListBox\iWPF.ListBox.csproj", "{94E1EB73-49F0-4068-BF23-D3990EFEA442}"
EndProject
Project("{9A19103F-16F7-4668-BE54-9A1E7A4F7556}") = "iWPF.LoginForm", "iWPF\iWPF.LoginForm\iWPF.LoginForm.csproj", "{16730CC9-E7FC-4ADA-93A7-26DA57B1C69A}"
EndProject
Project("{9A19103F-16F7-4668-BE54-9A1E7A4F7556}") = "iWPF.MVVM", "iWPF\iWPF.MVVM\iWPF.MVVM.csproj", "{227B2191-477B-426B-8CAB-205DE44BC90F}"
EndProject
Project("{9A19103F-16F7-4668-BE54-9A1E7A4F7556}") = "iWPF.Property_Data_and_EventsTriggers", "iWPF\iWPF.Property_Data_and_EventsTriggers\iWPF.Property_Data_and_EventsTriggers.csproj", "{0F25AE70-491D-4591-8AD5-64E91D559885}"
EndProject
Project("{9A19103F-16F7-4668-BE54-9A1E7A4F7556}") = "iWPF.RadioButtons_and_Images", "iWPF\iWPF.RadioButtons_and_Images\iWPF.RadioButtons_and_Images.csproj", "{A071F2AF-FD39-41A0-B06E-506FE81E2E0D}"
EndProject
Project("{9A19103F-16F7-4668-BE54-9A1E7A4F7556}") = "iWPF.S01", "iWPF\iWPF.S01\iWPF.S01.csproj", "{F4394DA3-507B-4133-8B08-897FB1B156A7}"
EndProject
Project("{9A19103F-16F7-4668-BE54-9A1E7A4F7556}") = "iWPF.S02_TreeView", "iWPF\iWPF.S02_TreeView\iWPF.S02_TreeView.csproj", "{84F633AC-9F1F-45AB-86C7-11FE35C92685}"
EndProject
Project("{9A19103F-16F7-4668-BE54-9A1E7A4F7556}") = "iWPF.S03", "iWPF\iWPF.S03\iWPF.S03.csproj", "{1476A9D4-60E2-4DAD-98BC-27891B9C9F76}"
EndProject
Project("{9A19103F-16F7-4668-BE54-9A1E7A4F7556}") = "iWPF.S04", "iWPF\iWPF.S04\iWPF.S04.csproj", "{35899162-6006-4460-9456-23F8683EF985}"
EndProject
Project("{9A19103F-16F7-4668-BE54-9A1E7A4F7556}") = "iWPF.S05", "iWPF\iWPF.S05\iWPF.S05.csproj", "{DD476186-20AC-4532-BDF9-108F7EA6F017}"
EndProject
Project("{9A19103F-16F7-4668-BE54-9A1E7A4F7556}") = "iWPF.S05_AnalogClock", "iWPF\iWPF.S05_AnalogClock\iWPF.S05_AnalogClock.csproj", "{13E97C6B-F7A8-4B36-BDA8-6FC6F62F4CF0}"
EndProject
Project("{9A19103F-16F7-4668-BE54-9A1E7A4F7556}") = "iWPF.S06_HandyControls", "iWPF\iWPF.S06_HandyControls\iWPF.S06_HandyControls.csproj", "{9FF4145C-DDA5-4153-B449-4C091A2C5ECF}"
EndProject
Project("{FAE04EC0-301F-11D3-BF4B-00C04F79EFBC}") = "iWPF.S06_LINQ_To_SQL", "iWPF\iWPF.S06_LINQ_To_SQL\iWPF.S06_LINQ_To_SQL.csproj", "{C945F0EF-364C-4B75-A02E-4BAB11121FFE}"
EndProject
Project("{9A19103F-16F7-4668-BE54-9A1E7A4F7556}") = "iWPF.S11_StringFormats", "iWPF\iWPF.S11_StringFormats\iWPF.S11_StringFormats.csproj", "{30AC7B12-D268-48DE-9693-4B116045C4E5}"
EndProject
Project("{FAE04EC0-301F-11D3-BF4B-00C04F79EFBC}") = "iWPF.S12_Stimulsoft_Report", "iWPF\iWPF.S12_Stimulsoft_Report\iWPF.S12_Stimulsoft_Report.csproj", "{7E2229DC-17E3-4470-A2CA-9EC6C216DDC5}"
EndProject
Project("{9A19103F-16F7-4668-BE54-9A1E7A4F7556}") = "iWPF.Tasks", "iWPF\iWPF.Tasks\iWPF.Tasks.csproj", "{D8D38791-A1B2-438B-BD46-82CDEA0EA410}"
EndProject
Project("{9A19103F-16F7-4668-BE54-9A1E7A4F7556}") = "iWPF.ToolTip", "iWPF\iWPF.ToolTip\iWPF.ToolTip.csproj", "{61BE6421-444C-4E77-A91B-54A1D9FE57F0}"
EndProject
Project("{9A19103F-16F7-4668-BE54-9A1E7A4F7556}") = "iWPF.MVVM_Template", "iWPF\iWPF.MVVM_Template\iWPF.MVVM_Template.csproj", "{509F4CBA-90D2-4FCE-9726-B36A85D80D90}"
EndProject
Project("{9A19103F-16F7-4668-BE54-9A1E7A4F7556}") = "iSorts.BubbleSort", "iSorts\iSorts.BubbleSort\iSorts.BubbleSort.csproj", "{A177B83F-7C6B-453C-918A-A3DA573E0C00}"
EndProject
Project("{2150E333-8FDC-42A3-9474-1A3956D46DE8}") = "iAnonymousFunctions", "iAnonymousFunctions", "{68FD7F3C-5BAB-4B02-B948-9D796A13B83D}"
EndProject
Project("{9A19103F-16F7-4668-BE54-9A1E7A4F7556}") = "iAnonymousFunctions.FuncAndAction", "iAnonymousFunctions\iAnonymousFunctions.FuncAndAction\iAnonymousFunctions.FuncAndAction.csproj", "{6C83019F-585A-4CE6-8C89-EE4C60B68A3B}"
EndProject
Project("{2150E333-8FDC-42A3-9474-1A3956D46DE8}") = "iLINQ", "iLINQ", "{B8D118B2-8D9B-4AEC-A4A4-C9422F179310}"
EndProject
Project("{9A19103F-16F7-4668-BE54-9A1E7A4F7556}") = "iLINQ.ReadFromFile", "iLINQ\iLINQ.ReadFromFile\iLINQ.ReadFromFile.csproj", "{73EE9906-F437-4183-8EC2-593D7DFDBA64}"
EndProject
Project("{2150E333-8FDC-42A3-9474-1A3956D46DE8}") = "iEFCore", "iEFCore", "{BD567A53-3FA7-465D-ADFA-A8FC5DF84A91}"
EndProject
Project("{9A19103F-16F7-4668-BE54-9A1E7A4F7556}") = "iEFCore.Fundamentals", "iEFCore\iEFCore.Fundamentals\iEFCore.Fundamentals.csproj", "{0B959251-1C94-42E3-8F52-78CA8A714E07}"
EndProject
Project("{2150E333-8FDC-42A3-9474-1A3956D46DE8}") = "iGarbageCollection", "iGarbageCollection", "{21B4D4CE-20A2-47E6-AEAF-E169FEB9B0AB}"
EndProject
Project("{2150E333-8FDC-42A3-9474-1A3956D46DE8}") = "iRecords", "iRecords", "{3446039A-1759-4F0C-8E6E-134B03BDD9B5}"
EndProject
Project("{9A19103F-16F7-4668-BE54-9A1E7A4F7556}") = "iRecords.NominalRecords", "iRecords\iRecords.NominalRecords\iRecords.NominalRecords.csproj", "{56CC9375-A0E5-4F2C-8246-135FA4A3F651}"
EndProject
Project("{9A19103F-16F7-4668-BE54-9A1E7A4F7556}") = "iRecords.PositionalRecords", "iRecords\iRecords.PositionalRecords\iRecords.PositionalRecords.csproj", "{0C280895-E248-4B2D-A730-DA06E9DE56F9}"
EndProject
Project("{2150E333-8FDC-42A3-9474-1A3956D46DE8}") = "iTypes", "iTypes", "{AEDB1D45-FD17-4966-BCD9-1A765C65F0DB}"
EndProject
Project("{9A19103F-16F7-4668-BE54-9A1E7A4F7556}") = "iTypes.Enums", "iTypes\iTypes.iEnums.Enums\iTypes.Enums.csproj", "{9B1982F1-0C33-4440-8FB4-6DCDD6E037C4}"
EndProject
Project("{9A19103F-16F7-4668-BE54-9A1E7A4F7556}") = "iTypes.Structs", "iTypes\iTypes.iStruct.Structs\iTypes.Structs.csproj", "{C3659C8E-F87D-4CDE-AC8C-5318BD9D52AC}"
EndProject
Project("{9A19103F-16F7-4668-BE54-9A1E7A4F7556}") = "iTypes.Interfaces", "iTypes\iTypes.Interfaces\iTypes.Interfaces.csproj", "{FBA2782D-FF78-4ED7-B564-4F8B38E38C7B}"
EndProject
Project("{9A19103F-16F7-4668-BE54-9A1E7A4F7556}") = "iTypes.RefInOut", "iTypes\iTypes.RefInOut\iTypes.RefInOut.csproj", "{F8979A69-AB0D-477C-B4EB-C6D388F78F1D}"
EndProject
Project("{9A19103F-16F7-4668-BE54-9A1E7A4F7556}") = "iTypes.Tuples", "iTypes\iTypes.Tuples\iTypes.Tuples.csproj", "{F194D7A3-24B0-467E-B409-734BEC505D66}"
EndProject
Project("{9A19103F-16F7-4668-BE54-9A1E7A4F7556}") = "iTypes.Arrays", "iTypes\iTypes.Arrays\iTypes.Arrays.csproj", "{90B69033-DA4E-4706-9690-120E4EAF4E49}"
EndProject
Project("{2150E333-8FDC-42A3-9474-1A3956D46DE8}") = "iDelegates", "iDelegates", "{648A1113-42CA-4661-B38E-9ED8FE4B290A}"
EndProject
Project("{9A19103F-16F7-4668-BE54-9A1E7A4F7556}") = "iDelegates.DelegatesSamples", "iDelegates\iDelegates.DelegatesSamples\iDelegates.DelegatesSamples.csproj", "{57180046-75C3-4BA4-B39D-6C8435C69E79}"
EndProject
Project("{2150E333-8FDC-42A3-9474-1A3956D46DE8}") = "iLambdaEpressions", "iLambdaEpressions", "{A85451A6-5F7E-47BA-98F7-D298FFEE6B7C}"
EndProject
Project("{9A19103F-16F7-4668-BE54-9A1E7A4F7556}") = "iLambdaExpressions.LambdaExpressions", "iLambdaExpressions\iLambdaExpressions.LambdaExpressions.csproj", "{00E16EC2-087F-4E1F-9176-0BC129E56468}"
EndProject
Project("{9A19103F-16F7-4668-BE54-9A1E7A4F7556}") = "iTypes.LinkedList", "iTypes\iTypes.LinkedList\iTypes.LinkedList.csproj", "{D61EF88B-AA83-4470-BB83-155CD7373801}"
EndProject
Project("{9A19103F-16F7-4668-BE54-9A1E7A4F7556}") = "iTypes.Nullable", "iTypes\iTypes.Nullable\iTypes.Nullable.csproj", "{D63FD66C-F2E2-4F37-9523-BA55F64E5C8B}"
EndProject
Project("{2150E333-8FDC-42A3-9474-1A3956D46DE8}") = "iEvents", "iEvents", "{E8046B30-3E28-4163-B5F2-F51CAE10C003}"
EndProject
Project("{9A19103F-16F7-4668-BE54-9A1E7A4F7556}") = "iEvents.EventSamples", "iEvents\iEvents.EventSamples\iEvents.EventSamples.csproj", "{CCEB6C43-4F99-4F28-8F15-DBBC09CDAAFB}"
EndProject
Project("{9A19103F-16F7-4668-BE54-9A1E7A4F7556}") = "iEvents.EventsInCSharp", "iEvents\iEvents.EventsInCSharp\iEvents.EventsInCSharp.csproj", "{5B44ACB5-19D9-41BE-B9FD-D653BFADA932}"
EndProject
Project("{9A19103F-16F7-4668-BE54-9A1E7A4F7556}") = "iEvents.Events", "iEvents\iEvents.Events\iEvents.Events.csproj", "{3F7BD1EA-63C7-4407-896B-A3EA27D915F6}"
EndProject
Project("{9A19103F-16F7-4668-BE54-9A1E7A4F7556}") = "iEvents.MicrosoftEventPattern", "iEvents\iEvents.MicrosoftEventPattern\iEvents.MicrosoftEventPattern.csproj", "{EDC4E9CC-A571-4874-8A72-BED8DA552C5B}"
EndProject
Project("{2150E333-8FDC-42A3-9474-1A3956D46DE8}") = "iCollections", "iCollections", "{43D6648F-C24A-4AA2-AAEF-0851CFB2D0EA}"
EndProject
Project("{9A19103F-16F7-4668-BE54-9A1E7A4F7556}") = "iCollections.GenericStringList", "iCollections\iCollections.GenericStringList\iCollections.GenericStringList.csproj", "{17E0D452-E631-4953-9D3C-451690B94552}"
EndProject
Project("{9A19103F-16F7-4668-BE54-9A1E7A4F7556}") = "iCollections.Queues", "iCollections\iCollections.Queues\iCollections.Queues.csproj", "{9686F6AF-EF58-4E21-950F-0622C5BA5040}"
EndProject
Project("{9A19103F-16F7-4668-BE54-9A1E7A4F7556}") = "iCollections.Stacks", "iCollections\iCollections.Stacks\iCollections.Stacks.csproj", "{39A9C1FA-1AB1-4056-826A-C2C14DF285BC}"
EndProject
Project("{9A19103F-16F7-4668-BE54-9A1E7A4F7556}") = "iCollections.Linkedlists", "iCollections\iCollections.Linkedlists\iCollections.Linkedlists.csproj", "{2FC56E32-CC28-4199-ADB4-8AEF15D916F9}"
EndProject
Project("{9A19103F-16F7-4668-BE54-9A1E7A4F7556}") = "iCollections.Sortedlists", "iCollections\iCollections.Sortedlists\iCollections.Sortedlists.csproj", "{3E4BB017-FD9D-4AFF-881C-35EFB2B92AA5}"
EndProject
Project("{9A19103F-16F7-4668-BE54-9A1E7A4F7556}") = "iCollections.Dictionaries", "iCollections\iCollections.Dictionaries\iCollections.Dictionaries.csproj", "{6B963F31-29B2-4872-B316-752EEAD708B1}"
EndProject
Project("{9A19103F-16F7-4668-BE54-9A1E7A4F7556}") = "iCollections.Sets", "iCollections\iCollections.Sets\iCollections.Sets.csproj", "{02D01DA8-78EF-4933-B80D-58FB64A9DC43}"
EndProject
Project("{9A19103F-16F7-4668-BE54-9A1E7A4F7556}") = "iCollections.Immutables", "iCollections\iCollections.Immutables\iCollections.Immutables.csproj", "{E556BB95-1109-4735-B7D6-BB8BA1787EE6}"
EndProject
Project("{9A19103F-16F7-4668-BE54-9A1E7A4F7556}") = "iLINQ.LinqSample", "iLINQ\iLINQ.LinqSample\iLINQ.LinqSample.csproj", "{EAEC440A-5FF2-4710-84BF-4CB109F29E10}"
EndProject
Project("{9A19103F-16F7-4668-BE54-9A1E7A4F7556}") = "iLINQ.LinqToObjectsAndQueryOperators", "iLINQ\iLINQ.LinqToObjectsAndQueryOperators\iLINQ.LinqToObjectsAndQueryOperators.csproj", "{56E0118D-3330-4588-8756-7828E541AE28}"
EndProject
Project("{9A19103F-16F7-4668-BE54-9A1E7A4F7556}") = "iLINQ.LinqToXML", "iLINQ\iLINQ.LinqToXML\iLINQ.LinqToXML.csproj", "{6F2EE5B4-211F-4BE5-833A-54BF6D9B5FB7}"
EndProject
Project("{9A19103F-16F7-4668-BE54-9A1E7A4F7556}") = "iTypes.DateTimes", "iTypes\iTypes.DateTimes\iTypes.DateTimes.csproj", "{7219758B-062A-4E21-8D28-8C91F91A73E7}"
EndProject
Project("{9A19103F-16F7-4668-BE54-9A1E7A4F7556}") = "iMath", "iMath\iMath.csproj", "{9749BE38-127D-49C2-A2BC-3CAE72F1472F}"
EndProject
Project("{2150E333-8FDC-42A3-9474-1A3956D46DE8}") = "iAttributes", "iAttributes", "{2B071709-1FDB-4DE5-BCCC-F3EEB9BA7B56}"
EndProject
Project("{2150E333-8FDC-42A3-9474-1A3956D46DE8}") = "tests", "tests", "{C974DA5D-C77F-4124-A752-0AE729422AEC}"
EndProject
Project("{2150E333-8FDC-42A3-9474-1A3956D46DE8}") = "src", "src", "{657A204B-64EE-4AE1-A52E-7E572E0CE449}"
EndProject
Project("{9A19103F-16F7-4668-BE54-9A1E7A4F7556}") = "iAttributes.Domain", "iAttributes\src\iAttributes.Domain\iAttributes.Domain.csproj", "{E9CC1D09-A3C7-4D3B-8639-B7328B7852F7}"
EndProject
Project("{9A19103F-16F7-4668-BE54-9A1E7A4F7556}") = "iAttributes.UI", "iAttributes\src\iAttributes.UI\iAttributes.UI.csproj", "{4FBEC4C9-721B-465D-B08D-DABE23D7BB8B}"
EndProject
Project("{9A19103F-16F7-4668-BE54-9A1E7A4F7556}") = "iAttributes.DomainTests", "iAttributes\tests\iAttributes.Domain\iAttributes.DomainTests\iAttributes.DomainTests.csproj", "{D267B24D-3F48-4D51-AC8E-F612BB3A78FA}"
EndProject
Project("{9A19103F-16F7-4668-BE54-9A1E7A4F7556}") = "iAttributes.CustomAttributes", "iAttributes\src\iAttributes.CustomAttributes\iAttributes.CustomAttributes.csproj", "{C66D7150-82B3-4897-BA0D-5FDB68B256AC}"
EndProject
Project("{9A19103F-16F7-4668-BE54-9A1E7A4F7556}") = "iAttributes.ReflectionUI", "iAttributes\src\iAttributes.ReflectionUI\iAttributes.ReflectionUI.csproj", "{CE8449F4-C2BB-437D-87DB-CDEA87C4A959}"
EndProject
Project("{9A19103F-16F7-4668-BE54-9A1E7A4F7556}") = "iAttributes.DiscoveringMetadata", "iAttributes\src\iAttributes.DiscoveringMetadata\iAttributes.DiscoveringMetadata.csproj", "{736CF2AB-21A4-4BEF-B58C-11C9C9D92CF0}"
EndProject
Project("{9A19103F-16F7-4668-BE54-9A1E7A4F7556}") = "iAttributes.LoadAssembly", "iAttributes\src\iAttributes.LoadAssembly\iAttributes.LoadAssembly.csproj", "{2E3A9E26-793E-4C14-AB31-BC2347691885}"
EndProject
Project("{9A19103F-16F7-4668-BE54-9A1E7A4F7556}") = "iAttributes.LateBinding", "iAttributes\src\iAttributes.LateBinding\iAttributes.LateBinding.csproj", "{2EA3E82E-9990-4ADB-A6E9-BB9F3943485E}"
EndProject
Project("{2150E333-8FDC-42A3-9474-1A3956D46DE8}") = "iADO.NET", "iADO.NET", "{405DBCA5-0BD5-40DF-97DD-9941B8B90A3E}"
EndProject
Project("{9A19103F-16F7-4668-BE54-9A1E7A4F7556}") = "iADO.NETSample02", "iADO.NET\iADO.NETSample02\iADO.NETSample02.csproj", "{877A0791-130D-4CE9-85AF-B13CAB0E8B8E}"
EndProject
Project("{9A19103F-16F7-4668-BE54-9A1E7A4F7556}") = "iADO.NETSample01", "iADO.NET\iADO.NETSample01\iADO.NETSample01.csproj", "{0D71A78F-D981-4C5F-97CC-52A1D2B0693D}"
EndProject
Project("{2150E333-8FDC-42A3-9474-1A3956D46DE8}") = "iConcurrencyAndAsynchrony", "iConcurrencyAndAsynchrony", "{A2D70C9C-B601-4FC4-8E85-1B2BF56C8267}"
EndProject
Project("{9A19103F-16F7-4668-BE54-9A1E7A4F7556}") = "iConcurrencyAndAsynchrony.ThreadSample", "iConcurrencyAndAsynchrony\iConcurrencyAndAsynchrony.ThreadSample\iConcurrencyAndAsynchrony.ThreadSample.csproj", "{B37A19F0-C57C-4832-BFC4-19FDB992F350}"
EndProject
Project("{9A19103F-16F7-4668-BE54-9A1E7A4F7556}") = "iConcurrencyAndAsynchrony.TaskSample", "iConcurrencyAndAsynchrony\iConcurrencyAndAsynchrony.TaskSample\iConcurrencyAndAsynchrony.TaskSample.csproj", "{0AA833B2-F655-4824-8761-A627A96E7362}"
EndProject
Project("{9A19103F-16F7-4668-BE54-9A1E7A4F7556}") = "iConcurrencyAndAsynchrony.AsyncSample", "iConcurrencyAndAsynchrony\iConcurrencyAndAsynchrony.AsyncSample\iConcurrencyAndAsynchrony.AsyncSample.csproj", "{5EC0FC11-1497-42C9-9F8D-CA130A5EB679}"
EndProject
Project("{9A19103F-16F7-4668-BE54-9A1E7A4F7556}") = "iEFCore.Samples", "iEFCore\iEFCore.Samples\iEFCore.Samples.csproj", "{4F851F80-096F-4287-A801-B829421CD258}"
EndProject
Project("{9A19103F-16F7-4668-BE54-9A1E7A4F7556}") = "iEFCore.EFQuerySample", "iEFCore\iEFCore.EFQuerySample\iEFCore.EFQuerySample.csproj", "{4D4116FB-BFF1-4025-88BC-3AB56D6CEC0A}"
EndProject
Project("{9A19103F-16F7-4668-BE54-9A1E7A4F7556}") = "iEFCore.LazyLoading", "iEFCore\iEFCore.LazyLoading\iEFCore.LazyLoading.csproj", "{FE97406A-4200-4F1C-BD4F-1FF77CDB7749}"
EndProject
Project("{2150E333-8FDC-42A3-9474-1A3956D46DE8}") = "iCourseStore", "iCourseStore", "{4C61B4CC-2029-4A62-899B-3F8D72B4F672}"
EndProject
Project("{2150E333-8FDC-42A3-9474-1A3956D46DE8}") = "01. Entities", "01. Entities", "{C77EDCCE-F48B-4936-BBDF-5F1A79199FEC}"
EndProject
Project("{9A19103F-16F7-4668-BE54-9A1E7A4F7556}") = "iCourseStore.Core.Entities", "iCourseStore\01. Entities\iCourseStore.Core.Entities\iCourseStore.Core.Entities.csproj", "{05148812-0323-4778-B5A3-68656F5F4C2A}"
EndProject
Project("{2150E333-8FDC-42A3-9474-1A3956D46DE8}") = "02. DAL", "02. DAL", "{E4CEA088-8301-4FB5-9FEB-431304B639A9}"
EndProject
Project("{9A19103F-16F7-4668-BE54-9A1E7A4F7556}") = "iCourseStore.Core.DAL", "iCourseStore\02. DAL\iCourseStore.Core.DAL\iCourseStore.Core.DAL.csproj", "{A4282872-CCBD-4765-96D8-24CF5E005E95}"
EndProject
Project("{2150E333-8FDC-42A3-9474-1A3956D46DE8}") = "03. Endpoints", "03. Endpoints", "{67EE8278-417F-493B-9059-F27EE4E5EE73}"
EndProject
Project("{9A19103F-16F7-4668-BE54-9A1E7A4F7556}") = "iCourseStore.Endpoints.UI.ConsoleApp", "iCourseStore\04. Endpoints\iCourseStore.Endpoints.UI.ConsoleApp\iCourseStore.Endpoints.UI.ConsoleApp.csproj", "{6BBE0722-B7B6-4AA8-A285-A3023E5BC87B}"
EndProject
Project("{9A19103F-16F7-4668-BE54-9A1E7A4F7556}") = "iEFCore.HierarchicalData", "iEFCore\iEFCore.HierarchicalData\iEFCore.HierarchicalData.csproj", "{BCA487B1-B659-45C6-8D6A-90E56159474C}"
EndProject
Project("{9A19103F-16F7-4668-BE54-9A1E7A4F7556}") = "iEFCore.Configurations", "iEFCore\iEFCore.Configurations\iEFCore.Configurations.csproj", "{8E140A28-DC97-4D76-ACA1-9AF501794037}"
EndProject
Project("{2150E333-8FDC-42A3-9474-1A3956D46DE8}") = "iThreads", "iThreads", "{28A87332-6FFB-4F52-8DDB-EEA2BB8C52ED}"
EndProject
Project("{9A19103F-16F7-4668-BE54-9A1E7A4F7556}") = "iThreads.TaskCompletions", "iThreads\iThreads.TaskCompletions\iThreads.TaskCompletions.csproj", "{AE4BA7B8-6A65-43D2-91CD-B9F71DAC1491}"
EndProject
Project("{9A19103F-16F7-4668-BE54-9A1E7A4F7556}") = "iThreads.JoinAndIsAlive", "iThreads\iThreads.JoinAndIsAlive\iThreads.JoinAndIsAlive.csproj", "{764C53EA-8BED-43C9-991D-15BF833AB026}"
EndProject
Project("{9A19103F-16F7-4668-BE54-9A1E7A4F7556}") = "iEFCore.RelationConfiguration", "iEFCore\iEFCore.RelationConfiguration\iEFCore.RelationConfiguration.csproj", "{9861B81B-1861-4A87-AB44-B6E9B9BBADA8}"
EndProject
Project("{9A19103F-16F7-4668-BE54-9A1E7A4F7556}") = "iEFCore.OneToOne", "iEFCore\iEFCore.OneToOne\iEFCore.OneToOne.csproj", "{1AC7E080-66DD-4D72-B4F3-38E76D28730B}"
EndProject
Project("{9A19103F-16F7-4668-BE54-9A1E7A4F7556}") = "iEFCore.OneToMany", "iEFCore\iEFCore.OneToMany\iEFCore.OneToMany.csproj", "{7B3F7A5C-0DC8-4E12-8DD6-B221EBC5257E}"
EndProject
Project("{9A19103F-16F7-4668-BE54-9A1E7A4F7556}") = "iEFCore.ManyToMany", "iEFCore\iEFCore.ManyToMany\iEFCore.ManyToMany.csproj", "{C7C96C2D-7923-4E7C-A36E-36FCB19EFDF3}"
EndProject
Project("{9A19103F-16F7-4668-BE54-9A1E7A4F7556}") = "iEFCore.RelationConfigurationExtera", "iEFCore\iEFCore.RelationConfigurationExtera\iEFCore.RelationConfigurationExtera.csproj", "{50483207-F31A-4609-A51A-8182019EA876}"
EndProject
Project("{FAE04EC0-301F-11D3-BF4B-00C04F79EFBC}") = "iEFCore.TablePerHierarchy", "iEFCore\iEFCore.TablePerHierarchy\iEFCore.TablePerHierarchy.csproj", "{6BAD7A18-3F8B-415A-BB0B-8E59B074084B}"
EndProject
Project("{FAE04EC0-301F-11D3-BF4B-00C04F79EFBC}") = "iEFCore.TablePerType", "iEFCore\iEFCore.TablePerType\iEFCore.TablePerType.csproj", "{171F8AA4-0A41-40AA-A822-07FD3473F7D8}"
EndProject
Project("{FAE04EC0-301F-11D3-BF4B-00C04F79EFBC}") = "iEFCore.TableSplitting", "iEFCore\iEFCore.TableSplitting\iEFCore.TableSplitting.csproj", "{EA342254-D5BF-4892-B013-4A917A4E7E00}"
EndProject
Global
	GlobalSection(SolutionConfigurationPlatforms) = preSolution
		Debug|Any CPU = Debug|Any CPU
		Debug|x86 = Debug|x86
		Release|Any CPU = Release|Any CPU
		Release|x86 = Release|x86
	EndGlobalSection
	GlobalSection(ProjectConfigurationPlatforms) = postSolution
		{FD49D145-1D8B-4BDA-81BB-610BB84336E1}.Debug|Any CPU.ActiveCfg = Debug|Any CPU
		{FD49D145-1D8B-4BDA-81BB-610BB84336E1}.Debug|Any CPU.Build.0 = Debug|Any CPU
		{FD49D145-1D8B-4BDA-81BB-610BB84336E1}.Debug|x86.ActiveCfg = Debug|Any CPU
		{FD49D145-1D8B-4BDA-81BB-610BB84336E1}.Debug|x86.Build.0 = Debug|Any CPU
		{FD49D145-1D8B-4BDA-81BB-610BB84336E1}.Release|Any CPU.ActiveCfg = Release|Any CPU
		{FD49D145-1D8B-4BDA-81BB-610BB84336E1}.Release|Any CPU.Build.0 = Release|Any CPU
		{FD49D145-1D8B-4BDA-81BB-610BB84336E1}.Release|x86.ActiveCfg = Release|Any CPU
		{FD49D145-1D8B-4BDA-81BB-610BB84336E1}.Release|x86.Build.0 = Release|Any CPU
		{68E54FC0-0F28-42CA-89F5-7F6985D87E3A}.Debug|Any CPU.ActiveCfg = Debug|Any CPU
		{68E54FC0-0F28-42CA-89F5-7F6985D87E3A}.Debug|Any CPU.Build.0 = Debug|Any CPU
		{68E54FC0-0F28-42CA-89F5-7F6985D87E3A}.Debug|x86.ActiveCfg = Debug|Any CPU
		{68E54FC0-0F28-42CA-89F5-7F6985D87E3A}.Debug|x86.Build.0 = Debug|Any CPU
		{68E54FC0-0F28-42CA-89F5-7F6985D87E3A}.Release|Any CPU.ActiveCfg = Release|Any CPU
		{68E54FC0-0F28-42CA-89F5-7F6985D87E3A}.Release|Any CPU.Build.0 = Release|Any CPU
		{68E54FC0-0F28-42CA-89F5-7F6985D87E3A}.Release|x86.ActiveCfg = Release|Any CPU
		{68E54FC0-0F28-42CA-89F5-7F6985D87E3A}.Release|x86.Build.0 = Release|Any CPU
		{B056BE10-A9E0-4587-88D1-623DF80B664E}.Debug|Any CPU.ActiveCfg = Debug|Any CPU
		{B056BE10-A9E0-4587-88D1-623DF80B664E}.Debug|Any CPU.Build.0 = Debug|Any CPU
		{B056BE10-A9E0-4587-88D1-623DF80B664E}.Debug|x86.ActiveCfg = Debug|Any CPU
		{B056BE10-A9E0-4587-88D1-623DF80B664E}.Debug|x86.Build.0 = Debug|Any CPU
		{B056BE10-A9E0-4587-88D1-623DF80B664E}.Release|Any CPU.ActiveCfg = Release|Any CPU
		{B056BE10-A9E0-4587-88D1-623DF80B664E}.Release|Any CPU.Build.0 = Release|Any CPU
		{B056BE10-A9E0-4587-88D1-623DF80B664E}.Release|x86.ActiveCfg = Release|Any CPU
		{B056BE10-A9E0-4587-88D1-623DF80B664E}.Release|x86.Build.0 = Release|Any CPU
		{75C2B46A-62E4-4CE6-B0C5-C0B9B8A1D393}.Debug|Any CPU.ActiveCfg = Debug|Any CPU
		{75C2B46A-62E4-4CE6-B0C5-C0B9B8A1D393}.Debug|Any CPU.Build.0 = Debug|Any CPU
		{75C2B46A-62E4-4CE6-B0C5-C0B9B8A1D393}.Debug|x86.ActiveCfg = Debug|Any CPU
		{75C2B46A-62E4-4CE6-B0C5-C0B9B8A1D393}.Debug|x86.Build.0 = Debug|Any CPU
		{75C2B46A-62E4-4CE6-B0C5-C0B9B8A1D393}.Release|Any CPU.ActiveCfg = Release|Any CPU
		{75C2B46A-62E4-4CE6-B0C5-C0B9B8A1D393}.Release|Any CPU.Build.0 = Release|Any CPU
		{75C2B46A-62E4-4CE6-B0C5-C0B9B8A1D393}.Release|x86.ActiveCfg = Release|Any CPU
		{75C2B46A-62E4-4CE6-B0C5-C0B9B8A1D393}.Release|x86.Build.0 = Release|Any CPU
		{CD2D758F-AA5D-4786-937D-8D64CEB2A5F6}.Debug|Any CPU.ActiveCfg = Debug|Any CPU
		{CD2D758F-AA5D-4786-937D-8D64CEB2A5F6}.Debug|Any CPU.Build.0 = Debug|Any CPU
		{CD2D758F-AA5D-4786-937D-8D64CEB2A5F6}.Debug|x86.ActiveCfg = Debug|Any CPU
		{CD2D758F-AA5D-4786-937D-8D64CEB2A5F6}.Debug|x86.Build.0 = Debug|Any CPU
		{CD2D758F-AA5D-4786-937D-8D64CEB2A5F6}.Release|Any CPU.ActiveCfg = Release|Any CPU
		{CD2D758F-AA5D-4786-937D-8D64CEB2A5F6}.Release|Any CPU.Build.0 = Release|Any CPU
		{CD2D758F-AA5D-4786-937D-8D64CEB2A5F6}.Release|x86.ActiveCfg = Release|Any CPU
		{CD2D758F-AA5D-4786-937D-8D64CEB2A5F6}.Release|x86.Build.0 = Release|Any CPU
		{607F9E66-8ED8-4DFF-9D6F-B60F4F6AAA89}.Debug|Any CPU.ActiveCfg = Debug|Any CPU
		{607F9E66-8ED8-4DFF-9D6F-B60F4F6AAA89}.Debug|Any CPU.Build.0 = Debug|Any CPU
		{607F9E66-8ED8-4DFF-9D6F-B60F4F6AAA89}.Debug|x86.ActiveCfg = Debug|Any CPU
		{607F9E66-8ED8-4DFF-9D6F-B60F4F6AAA89}.Debug|x86.Build.0 = Debug|Any CPU
		{607F9E66-8ED8-4DFF-9D6F-B60F4F6AAA89}.Release|Any CPU.ActiveCfg = Release|Any CPU
		{607F9E66-8ED8-4DFF-9D6F-B60F4F6AAA89}.Release|Any CPU.Build.0 = Release|Any CPU
		{607F9E66-8ED8-4DFF-9D6F-B60F4F6AAA89}.Release|x86.ActiveCfg = Release|Any CPU
		{607F9E66-8ED8-4DFF-9D6F-B60F4F6AAA89}.Release|x86.Build.0 = Release|Any CPU
		{0E355A9D-BD99-47EA-98FA-1674A63C87F0}.Debug|Any CPU.ActiveCfg = Debug|Any CPU
		{0E355A9D-BD99-47EA-98FA-1674A63C87F0}.Debug|Any CPU.Build.0 = Debug|Any CPU
		{0E355A9D-BD99-47EA-98FA-1674A63C87F0}.Debug|x86.ActiveCfg = Debug|Any CPU
		{0E355A9D-BD99-47EA-98FA-1674A63C87F0}.Debug|x86.Build.0 = Debug|Any CPU
		{0E355A9D-BD99-47EA-98FA-1674A63C87F0}.Release|Any CPU.ActiveCfg = Release|Any CPU
		{0E355A9D-BD99-47EA-98FA-1674A63C87F0}.Release|Any CPU.Build.0 = Release|Any CPU
		{0E355A9D-BD99-47EA-98FA-1674A63C87F0}.Release|x86.ActiveCfg = Release|Any CPU
		{0E355A9D-BD99-47EA-98FA-1674A63C87F0}.Release|x86.Build.0 = Release|Any CPU
		{B51DE45B-CA79-4516-A8B7-8EF014826D92}.Debug|Any CPU.ActiveCfg = Debug|Any CPU
		{B51DE45B-CA79-4516-A8B7-8EF014826D92}.Debug|Any CPU.Build.0 = Debug|Any CPU
		{B51DE45B-CA79-4516-A8B7-8EF014826D92}.Debug|x86.ActiveCfg = Debug|Any CPU
		{B51DE45B-CA79-4516-A8B7-8EF014826D92}.Debug|x86.Build.0 = Debug|Any CPU
		{B51DE45B-CA79-4516-A8B7-8EF014826D92}.Release|Any CPU.ActiveCfg = Release|Any CPU
		{B51DE45B-CA79-4516-A8B7-8EF014826D92}.Release|Any CPU.Build.0 = Release|Any CPU
		{B51DE45B-CA79-4516-A8B7-8EF014826D92}.Release|x86.ActiveCfg = Release|Any CPU
		{B51DE45B-CA79-4516-A8B7-8EF014826D92}.Release|x86.Build.0 = Release|Any CPU
		{836711C2-260B-4840-A6E9-BEB0B09EEC1F}.Debug|Any CPU.ActiveCfg = Debug|Any CPU
		{836711C2-260B-4840-A6E9-BEB0B09EEC1F}.Debug|Any CPU.Build.0 = Debug|Any CPU
		{836711C2-260B-4840-A6E9-BEB0B09EEC1F}.Debug|x86.ActiveCfg = Debug|Any CPU
		{836711C2-260B-4840-A6E9-BEB0B09EEC1F}.Debug|x86.Build.0 = Debug|Any CPU
		{836711C2-260B-4840-A6E9-BEB0B09EEC1F}.Release|Any CPU.ActiveCfg = Release|Any CPU
		{836711C2-260B-4840-A6E9-BEB0B09EEC1F}.Release|Any CPU.Build.0 = Release|Any CPU
		{836711C2-260B-4840-A6E9-BEB0B09EEC1F}.Release|x86.ActiveCfg = Release|Any CPU
		{836711C2-260B-4840-A6E9-BEB0B09EEC1F}.Release|x86.Build.0 = Release|Any CPU
		{841F581B-2BFD-4608-A08B-2577B76F2B5A}.Debug|Any CPU.ActiveCfg = Debug|Any CPU
		{841F581B-2BFD-4608-A08B-2577B76F2B5A}.Debug|Any CPU.Build.0 = Debug|Any CPU
		{841F581B-2BFD-4608-A08B-2577B76F2B5A}.Debug|x86.ActiveCfg = Debug|Any CPU
		{841F581B-2BFD-4608-A08B-2577B76F2B5A}.Debug|x86.Build.0 = Debug|Any CPU
		{841F581B-2BFD-4608-A08B-2577B76F2B5A}.Release|Any CPU.ActiveCfg = Release|Any CPU
		{841F581B-2BFD-4608-A08B-2577B76F2B5A}.Release|Any CPU.Build.0 = Release|Any CPU
		{841F581B-2BFD-4608-A08B-2577B76F2B5A}.Release|x86.ActiveCfg = Release|Any CPU
		{841F581B-2BFD-4608-A08B-2577B76F2B5A}.Release|x86.Build.0 = Release|Any CPU
		{E1FF336F-07AA-4645-A2A2-AD4BB8D70FC7}.Debug|Any CPU.ActiveCfg = Debug|Any CPU
		{E1FF336F-07AA-4645-A2A2-AD4BB8D70FC7}.Debug|Any CPU.Build.0 = Debug|Any CPU
		{E1FF336F-07AA-4645-A2A2-AD4BB8D70FC7}.Debug|x86.ActiveCfg = Debug|Any CPU
		{E1FF336F-07AA-4645-A2A2-AD4BB8D70FC7}.Debug|x86.Build.0 = Debug|Any CPU
		{E1FF336F-07AA-4645-A2A2-AD4BB8D70FC7}.Release|Any CPU.ActiveCfg = Release|Any CPU
		{E1FF336F-07AA-4645-A2A2-AD4BB8D70FC7}.Release|Any CPU.Build.0 = Release|Any CPU
		{E1FF336F-07AA-4645-A2A2-AD4BB8D70FC7}.Release|x86.ActiveCfg = Release|Any CPU
		{E1FF336F-07AA-4645-A2A2-AD4BB8D70FC7}.Release|x86.Build.0 = Release|Any CPU
		{0EC2FF20-886C-42C5-AA09-1E6CEBBEC99F}.Debug|Any CPU.ActiveCfg = Debug|Any CPU
		{0EC2FF20-886C-42C5-AA09-1E6CEBBEC99F}.Debug|Any CPU.Build.0 = Debug|Any CPU
		{0EC2FF20-886C-42C5-AA09-1E6CEBBEC99F}.Debug|x86.ActiveCfg = Debug|Any CPU
		{0EC2FF20-886C-42C5-AA09-1E6CEBBEC99F}.Debug|x86.Build.0 = Debug|Any CPU
		{0EC2FF20-886C-42C5-AA09-1E6CEBBEC99F}.Release|Any CPU.ActiveCfg = Release|Any CPU
		{0EC2FF20-886C-42C5-AA09-1E6CEBBEC99F}.Release|Any CPU.Build.0 = Release|Any CPU
		{0EC2FF20-886C-42C5-AA09-1E6CEBBEC99F}.Release|x86.ActiveCfg = Release|Any CPU
		{0EC2FF20-886C-42C5-AA09-1E6CEBBEC99F}.Release|x86.Build.0 = Release|Any CPU
		{AAD274C0-C9CD-4D65-A8A9-4504739EA40A}.Debug|Any CPU.ActiveCfg = Debug|Any CPU
		{AAD274C0-C9CD-4D65-A8A9-4504739EA40A}.Debug|Any CPU.Build.0 = Debug|Any CPU
		{AAD274C0-C9CD-4D65-A8A9-4504739EA40A}.Debug|x86.ActiveCfg = Debug|Any CPU
		{AAD274C0-C9CD-4D65-A8A9-4504739EA40A}.Debug|x86.Build.0 = Debug|Any CPU
		{AAD274C0-C9CD-4D65-A8A9-4504739EA40A}.Release|Any CPU.ActiveCfg = Release|Any CPU
		{AAD274C0-C9CD-4D65-A8A9-4504739EA40A}.Release|Any CPU.Build.0 = Release|Any CPU
		{AAD274C0-C9CD-4D65-A8A9-4504739EA40A}.Release|x86.ActiveCfg = Release|Any CPU
		{AAD274C0-C9CD-4D65-A8A9-4504739EA40A}.Release|x86.Build.0 = Release|Any CPU
		{7FB3A5E0-508C-4CE2-B88A-68C9EEFF58F6}.Debug|Any CPU.ActiveCfg = Debug|Any CPU
		{7FB3A5E0-508C-4CE2-B88A-68C9EEFF58F6}.Debug|Any CPU.Build.0 = Debug|Any CPU
		{7FB3A5E0-508C-4CE2-B88A-68C9EEFF58F6}.Debug|x86.ActiveCfg = Debug|Any CPU
		{7FB3A5E0-508C-4CE2-B88A-68C9EEFF58F6}.Debug|x86.Build.0 = Debug|Any CPU
		{7FB3A5E0-508C-4CE2-B88A-68C9EEFF58F6}.Release|Any CPU.ActiveCfg = Release|Any CPU
		{7FB3A5E0-508C-4CE2-B88A-68C9EEFF58F6}.Release|Any CPU.Build.0 = Release|Any CPU
		{7FB3A5E0-508C-4CE2-B88A-68C9EEFF58F6}.Release|x86.ActiveCfg = Release|Any CPU
		{7FB3A5E0-508C-4CE2-B88A-68C9EEFF58F6}.Release|x86.Build.0 = Release|Any CPU
		{EB3C53D6-C756-43D1-8883-3A9E78A63662}.Debug|Any CPU.ActiveCfg = Debug|Any CPU
		{EB3C53D6-C756-43D1-8883-3A9E78A63662}.Debug|Any CPU.Build.0 = Debug|Any CPU
		{EB3C53D6-C756-43D1-8883-3A9E78A63662}.Debug|x86.ActiveCfg = Debug|Any CPU
		{EB3C53D6-C756-43D1-8883-3A9E78A63662}.Debug|x86.Build.0 = Debug|Any CPU
		{EB3C53D6-C756-43D1-8883-3A9E78A63662}.Release|Any CPU.ActiveCfg = Release|Any CPU
		{EB3C53D6-C756-43D1-8883-3A9E78A63662}.Release|Any CPU.Build.0 = Release|Any CPU
		{EB3C53D6-C756-43D1-8883-3A9E78A63662}.Release|x86.ActiveCfg = Release|Any CPU
		{EB3C53D6-C756-43D1-8883-3A9E78A63662}.Release|x86.Build.0 = Release|Any CPU
		{F0FC59CB-C9B4-44A1-AC77-5CC21970BD10}.Debug|Any CPU.ActiveCfg = Debug|Any CPU
		{F0FC59CB-C9B4-44A1-AC77-5CC21970BD10}.Debug|Any CPU.Build.0 = Debug|Any CPU
		{F0FC59CB-C9B4-44A1-AC77-5CC21970BD10}.Debug|x86.ActiveCfg = Debug|Any CPU
		{F0FC59CB-C9B4-44A1-AC77-5CC21970BD10}.Debug|x86.Build.0 = Debug|Any CPU
		{F0FC59CB-C9B4-44A1-AC77-5CC21970BD10}.Release|Any CPU.ActiveCfg = Release|Any CPU
		{F0FC59CB-C9B4-44A1-AC77-5CC21970BD10}.Release|Any CPU.Build.0 = Release|Any CPU
		{F0FC59CB-C9B4-44A1-AC77-5CC21970BD10}.Release|x86.ActiveCfg = Release|Any CPU
		{F0FC59CB-C9B4-44A1-AC77-5CC21970BD10}.Release|x86.Build.0 = Release|Any CPU
		{C8AF6490-B43E-4576-8991-4F1629FFD743}.Debug|Any CPU.ActiveCfg = Debug|Any CPU
		{C8AF6490-B43E-4576-8991-4F1629FFD743}.Debug|Any CPU.Build.0 = Debug|Any CPU
		{C8AF6490-B43E-4576-8991-4F1629FFD743}.Debug|x86.ActiveCfg = Debug|Any CPU
		{C8AF6490-B43E-4576-8991-4F1629FFD743}.Debug|x86.Build.0 = Debug|Any CPU
		{C8AF6490-B43E-4576-8991-4F1629FFD743}.Release|Any CPU.ActiveCfg = Release|Any CPU
		{C8AF6490-B43E-4576-8991-4F1629FFD743}.Release|Any CPU.Build.0 = Release|Any CPU
		{C8AF6490-B43E-4576-8991-4F1629FFD743}.Release|x86.ActiveCfg = Release|Any CPU
		{C8AF6490-B43E-4576-8991-4F1629FFD743}.Release|x86.Build.0 = Release|Any CPU
		{94E1EB73-49F0-4068-BF23-D3990EFEA442}.Debug|Any CPU.ActiveCfg = Debug|Any CPU
		{94E1EB73-49F0-4068-BF23-D3990EFEA442}.Debug|Any CPU.Build.0 = Debug|Any CPU
		{94E1EB73-49F0-4068-BF23-D3990EFEA442}.Debug|x86.ActiveCfg = Debug|Any CPU
		{94E1EB73-49F0-4068-BF23-D3990EFEA442}.Debug|x86.Build.0 = Debug|Any CPU
		{94E1EB73-49F0-4068-BF23-D3990EFEA442}.Release|Any CPU.ActiveCfg = Release|Any CPU
		{94E1EB73-49F0-4068-BF23-D3990EFEA442}.Release|Any CPU.Build.0 = Release|Any CPU
		{94E1EB73-49F0-4068-BF23-D3990EFEA442}.Release|x86.ActiveCfg = Release|Any CPU
		{94E1EB73-49F0-4068-BF23-D3990EFEA442}.Release|x86.Build.0 = Release|Any CPU
		{16730CC9-E7FC-4ADA-93A7-26DA57B1C69A}.Debug|Any CPU.ActiveCfg = Debug|Any CPU
		{16730CC9-E7FC-4ADA-93A7-26DA57B1C69A}.Debug|Any CPU.Build.0 = Debug|Any CPU
		{16730CC9-E7FC-4ADA-93A7-26DA57B1C69A}.Debug|x86.ActiveCfg = Debug|Any CPU
		{16730CC9-E7FC-4ADA-93A7-26DA57B1C69A}.Debug|x86.Build.0 = Debug|Any CPU
		{16730CC9-E7FC-4ADA-93A7-26DA57B1C69A}.Release|Any CPU.ActiveCfg = Release|Any CPU
		{16730CC9-E7FC-4ADA-93A7-26DA57B1C69A}.Release|Any CPU.Build.0 = Release|Any CPU
		{16730CC9-E7FC-4ADA-93A7-26DA57B1C69A}.Release|x86.ActiveCfg = Release|Any CPU
		{16730CC9-E7FC-4ADA-93A7-26DA57B1C69A}.Release|x86.Build.0 = Release|Any CPU
		{227B2191-477B-426B-8CAB-205DE44BC90F}.Debug|Any CPU.ActiveCfg = Debug|Any CPU
		{227B2191-477B-426B-8CAB-205DE44BC90F}.Debug|Any CPU.Build.0 = Debug|Any CPU
		{227B2191-477B-426B-8CAB-205DE44BC90F}.Debug|x86.ActiveCfg = Debug|Any CPU
		{227B2191-477B-426B-8CAB-205DE44BC90F}.Debug|x86.Build.0 = Debug|Any CPU
		{227B2191-477B-426B-8CAB-205DE44BC90F}.Release|Any CPU.ActiveCfg = Release|Any CPU
		{227B2191-477B-426B-8CAB-205DE44BC90F}.Release|Any CPU.Build.0 = Release|Any CPU
		{227B2191-477B-426B-8CAB-205DE44BC90F}.Release|x86.ActiveCfg = Release|Any CPU
		{227B2191-477B-426B-8CAB-205DE44BC90F}.Release|x86.Build.0 = Release|Any CPU
		{0F25AE70-491D-4591-8AD5-64E91D559885}.Debug|Any CPU.ActiveCfg = Debug|Any CPU
		{0F25AE70-491D-4591-8AD5-64E91D559885}.Debug|Any CPU.Build.0 = Debug|Any CPU
		{0F25AE70-491D-4591-8AD5-64E91D559885}.Debug|x86.ActiveCfg = Debug|Any CPU
		{0F25AE70-491D-4591-8AD5-64E91D559885}.Debug|x86.Build.0 = Debug|Any CPU
		{0F25AE70-491D-4591-8AD5-64E91D559885}.Release|Any CPU.ActiveCfg = Release|Any CPU
		{0F25AE70-491D-4591-8AD5-64E91D559885}.Release|Any CPU.Build.0 = Release|Any CPU
		{0F25AE70-491D-4591-8AD5-64E91D559885}.Release|x86.ActiveCfg = Release|Any CPU
		{0F25AE70-491D-4591-8AD5-64E91D559885}.Release|x86.Build.0 = Release|Any CPU
		{A071F2AF-FD39-41A0-B06E-506FE81E2E0D}.Debug|Any CPU.ActiveCfg = Debug|Any CPU
		{A071F2AF-FD39-41A0-B06E-506FE81E2E0D}.Debug|Any CPU.Build.0 = Debug|Any CPU
		{A071F2AF-FD39-41A0-B06E-506FE81E2E0D}.Debug|x86.ActiveCfg = Debug|Any CPU
		{A071F2AF-FD39-41A0-B06E-506FE81E2E0D}.Debug|x86.Build.0 = Debug|Any CPU
		{A071F2AF-FD39-41A0-B06E-506FE81E2E0D}.Release|Any CPU.ActiveCfg = Release|Any CPU
		{A071F2AF-FD39-41A0-B06E-506FE81E2E0D}.Release|Any CPU.Build.0 = Release|Any CPU
		{A071F2AF-FD39-41A0-B06E-506FE81E2E0D}.Release|x86.ActiveCfg = Release|Any CPU
		{A071F2AF-FD39-41A0-B06E-506FE81E2E0D}.Release|x86.Build.0 = Release|Any CPU
		{F4394DA3-507B-4133-8B08-897FB1B156A7}.Debug|Any CPU.ActiveCfg = Debug|Any CPU
		{F4394DA3-507B-4133-8B08-897FB1B156A7}.Debug|Any CPU.Build.0 = Debug|Any CPU
		{F4394DA3-507B-4133-8B08-897FB1B156A7}.Debug|x86.ActiveCfg = Debug|Any CPU
		{F4394DA3-507B-4133-8B08-897FB1B156A7}.Debug|x86.Build.0 = Debug|Any CPU
		{F4394DA3-507B-4133-8B08-897FB1B156A7}.Release|Any CPU.ActiveCfg = Release|Any CPU
		{F4394DA3-507B-4133-8B08-897FB1B156A7}.Release|Any CPU.Build.0 = Release|Any CPU
		{F4394DA3-507B-4133-8B08-897FB1B156A7}.Release|x86.ActiveCfg = Release|Any CPU
		{F4394DA3-507B-4133-8B08-897FB1B156A7}.Release|x86.Build.0 = Release|Any CPU
		{84F633AC-9F1F-45AB-86C7-11FE35C92685}.Debug|Any CPU.ActiveCfg = Debug|Any CPU
		{84F633AC-9F1F-45AB-86C7-11FE35C92685}.Debug|Any CPU.Build.0 = Debug|Any CPU
		{84F633AC-9F1F-45AB-86C7-11FE35C92685}.Debug|x86.ActiveCfg = Debug|Any CPU
		{84F633AC-9F1F-45AB-86C7-11FE35C92685}.Debug|x86.Build.0 = Debug|Any CPU
		{84F633AC-9F1F-45AB-86C7-11FE35C92685}.Release|Any CPU.ActiveCfg = Release|Any CPU
		{84F633AC-9F1F-45AB-86C7-11FE35C92685}.Release|Any CPU.Build.0 = Release|Any CPU
		{84F633AC-9F1F-45AB-86C7-11FE35C92685}.Release|x86.ActiveCfg = Release|Any CPU
		{84F633AC-9F1F-45AB-86C7-11FE35C92685}.Release|x86.Build.0 = Release|Any CPU
		{1476A9D4-60E2-4DAD-98BC-27891B9C9F76}.Debug|Any CPU.ActiveCfg = Debug|Any CPU
		{1476A9D4-60E2-4DAD-98BC-27891B9C9F76}.Debug|Any CPU.Build.0 = Debug|Any CPU
		{1476A9D4-60E2-4DAD-98BC-27891B9C9F76}.Debug|x86.ActiveCfg = Debug|Any CPU
		{1476A9D4-60E2-4DAD-98BC-27891B9C9F76}.Debug|x86.Build.0 = Debug|Any CPU
		{1476A9D4-60E2-4DAD-98BC-27891B9C9F76}.Release|Any CPU.ActiveCfg = Release|Any CPU
		{1476A9D4-60E2-4DAD-98BC-27891B9C9F76}.Release|Any CPU.Build.0 = Release|Any CPU
		{1476A9D4-60E2-4DAD-98BC-27891B9C9F76}.Release|x86.ActiveCfg = Release|Any CPU
		{1476A9D4-60E2-4DAD-98BC-27891B9C9F76}.Release|x86.Build.0 = Release|Any CPU
		{35899162-6006-4460-9456-23F8683EF985}.Debug|Any CPU.ActiveCfg = Debug|Any CPU
		{35899162-6006-4460-9456-23F8683EF985}.Debug|Any CPU.Build.0 = Debug|Any CPU
		{35899162-6006-4460-9456-23F8683EF985}.Debug|x86.ActiveCfg = Debug|Any CPU
		{35899162-6006-4460-9456-23F8683EF985}.Debug|x86.Build.0 = Debug|Any CPU
		{35899162-6006-4460-9456-23F8683EF985}.Release|Any CPU.ActiveCfg = Release|Any CPU
		{35899162-6006-4460-9456-23F8683EF985}.Release|Any CPU.Build.0 = Release|Any CPU
		{35899162-6006-4460-9456-23F8683EF985}.Release|x86.ActiveCfg = Release|Any CPU
		{35899162-6006-4460-9456-23F8683EF985}.Release|x86.Build.0 = Release|Any CPU
		{DD476186-20AC-4532-BDF9-108F7EA6F017}.Debug|Any CPU.ActiveCfg = Debug|Any CPU
		{DD476186-20AC-4532-BDF9-108F7EA6F017}.Debug|Any CPU.Build.0 = Debug|Any CPU
		{DD476186-20AC-4532-BDF9-108F7EA6F017}.Debug|x86.ActiveCfg = Debug|Any CPU
		{DD476186-20AC-4532-BDF9-108F7EA6F017}.Debug|x86.Build.0 = Debug|Any CPU
		{DD476186-20AC-4532-BDF9-108F7EA6F017}.Release|Any CPU.ActiveCfg = Release|Any CPU
		{DD476186-20AC-4532-BDF9-108F7EA6F017}.Release|Any CPU.Build.0 = Release|Any CPU
		{DD476186-20AC-4532-BDF9-108F7EA6F017}.Release|x86.ActiveCfg = Release|Any CPU
		{DD476186-20AC-4532-BDF9-108F7EA6F017}.Release|x86.Build.0 = Release|Any CPU
		{13E97C6B-F7A8-4B36-BDA8-6FC6F62F4CF0}.Debug|Any CPU.ActiveCfg = Debug|Any CPU
		{13E97C6B-F7A8-4B36-BDA8-6FC6F62F4CF0}.Debug|Any CPU.Build.0 = Debug|Any CPU
		{13E97C6B-F7A8-4B36-BDA8-6FC6F62F4CF0}.Debug|x86.ActiveCfg = Debug|Any CPU
		{13E97C6B-F7A8-4B36-BDA8-6FC6F62F4CF0}.Debug|x86.Build.0 = Debug|Any CPU
		{13E97C6B-F7A8-4B36-BDA8-6FC6F62F4CF0}.Release|Any CPU.ActiveCfg = Release|Any CPU
		{13E97C6B-F7A8-4B36-BDA8-6FC6F62F4CF0}.Release|Any CPU.Build.0 = Release|Any CPU
		{13E97C6B-F7A8-4B36-BDA8-6FC6F62F4CF0}.Release|x86.ActiveCfg = Release|Any CPU
		{13E97C6B-F7A8-4B36-BDA8-6FC6F62F4CF0}.Release|x86.Build.0 = Release|Any CPU
		{9FF4145C-DDA5-4153-B449-4C091A2C5ECF}.Debug|Any CPU.ActiveCfg = Debug|Any CPU
		{9FF4145C-DDA5-4153-B449-4C091A2C5ECF}.Debug|Any CPU.Build.0 = Debug|Any CPU
		{9FF4145C-DDA5-4153-B449-4C091A2C5ECF}.Debug|x86.ActiveCfg = Debug|Any CPU
		{9FF4145C-DDA5-4153-B449-4C091A2C5ECF}.Debug|x86.Build.0 = Debug|Any CPU
		{9FF4145C-DDA5-4153-B449-4C091A2C5ECF}.Release|Any CPU.ActiveCfg = Release|Any CPU
		{9FF4145C-DDA5-4153-B449-4C091A2C5ECF}.Release|Any CPU.Build.0 = Release|Any CPU
		{9FF4145C-DDA5-4153-B449-4C091A2C5ECF}.Release|x86.ActiveCfg = Release|Any CPU
		{9FF4145C-DDA5-4153-B449-4C091A2C5ECF}.Release|x86.Build.0 = Release|Any CPU
		{C945F0EF-364C-4B75-A02E-4BAB11121FFE}.Debug|Any CPU.ActiveCfg = Debug|Any CPU
		{C945F0EF-364C-4B75-A02E-4BAB11121FFE}.Debug|Any CPU.Build.0 = Debug|Any CPU
		{C945F0EF-364C-4B75-A02E-4BAB11121FFE}.Debug|x86.ActiveCfg = Debug|Any CPU
		{C945F0EF-364C-4B75-A02E-4BAB11121FFE}.Debug|x86.Build.0 = Debug|Any CPU
		{C945F0EF-364C-4B75-A02E-4BAB11121FFE}.Release|Any CPU.ActiveCfg = Release|Any CPU
		{C945F0EF-364C-4B75-A02E-4BAB11121FFE}.Release|Any CPU.Build.0 = Release|Any CPU
		{C945F0EF-364C-4B75-A02E-4BAB11121FFE}.Release|x86.ActiveCfg = Release|Any CPU
		{C945F0EF-364C-4B75-A02E-4BAB11121FFE}.Release|x86.Build.0 = Release|Any CPU
		{30AC7B12-D268-48DE-9693-4B116045C4E5}.Debug|Any CPU.ActiveCfg = Debug|Any CPU
		{30AC7B12-D268-48DE-9693-4B116045C4E5}.Debug|Any CPU.Build.0 = Debug|Any CPU
		{30AC7B12-D268-48DE-9693-4B116045C4E5}.Debug|x86.ActiveCfg = Debug|Any CPU
		{30AC7B12-D268-48DE-9693-4B116045C4E5}.Debug|x86.Build.0 = Debug|Any CPU
		{30AC7B12-D268-48DE-9693-4B116045C4E5}.Release|Any CPU.ActiveCfg = Release|Any CPU
		{30AC7B12-D268-48DE-9693-4B116045C4E5}.Release|Any CPU.Build.0 = Release|Any CPU
		{30AC7B12-D268-48DE-9693-4B116045C4E5}.Release|x86.ActiveCfg = Release|Any CPU
		{30AC7B12-D268-48DE-9693-4B116045C4E5}.Release|x86.Build.0 = Release|Any CPU
		{7E2229DC-17E3-4470-A2CA-9EC6C216DDC5}.Debug|Any CPU.ActiveCfg = Debug|Any CPU
		{7E2229DC-17E3-4470-A2CA-9EC6C216DDC5}.Debug|Any CPU.Build.0 = Debug|Any CPU
		{7E2229DC-17E3-4470-A2CA-9EC6C216DDC5}.Debug|x86.ActiveCfg = Debug|Win32
		{7E2229DC-17E3-4470-A2CA-9EC6C216DDC5}.Debug|x86.Build.0 = Debug|Win32
		{7E2229DC-17E3-4470-A2CA-9EC6C216DDC5}.Release|Any CPU.ActiveCfg = Release|Any CPU
		{7E2229DC-17E3-4470-A2CA-9EC6C216DDC5}.Release|Any CPU.Build.0 = Release|Any CPU
		{7E2229DC-17E3-4470-A2CA-9EC6C216DDC5}.Release|x86.ActiveCfg = Release|Win32
		{7E2229DC-17E3-4470-A2CA-9EC6C216DDC5}.Release|x86.Build.0 = Release|Win32
		{D8D38791-A1B2-438B-BD46-82CDEA0EA410}.Debug|Any CPU.ActiveCfg = Debug|Any CPU
		{D8D38791-A1B2-438B-BD46-82CDEA0EA410}.Debug|Any CPU.Build.0 = Debug|Any CPU
		{D8D38791-A1B2-438B-BD46-82CDEA0EA410}.Debug|x86.ActiveCfg = Debug|Any CPU
		{D8D38791-A1B2-438B-BD46-82CDEA0EA410}.Debug|x86.Build.0 = Debug|Any CPU
		{D8D38791-A1B2-438B-BD46-82CDEA0EA410}.Release|Any CPU.ActiveCfg = Release|Any CPU
		{D8D38791-A1B2-438B-BD46-82CDEA0EA410}.Release|Any CPU.Build.0 = Release|Any CPU
		{D8D38791-A1B2-438B-BD46-82CDEA0EA410}.Release|x86.ActiveCfg = Release|Any CPU
		{D8D38791-A1B2-438B-BD46-82CDEA0EA410}.Release|x86.Build.0 = Release|Any CPU
		{61BE6421-444C-4E77-A91B-54A1D9FE57F0}.Debug|Any CPU.ActiveCfg = Debug|Any CPU
		{61BE6421-444C-4E77-A91B-54A1D9FE57F0}.Debug|Any CPU.Build.0 = Debug|Any CPU
		{61BE6421-444C-4E77-A91B-54A1D9FE57F0}.Debug|x86.ActiveCfg = Debug|Any CPU
		{61BE6421-444C-4E77-A91B-54A1D9FE57F0}.Debug|x86.Build.0 = Debug|Any CPU
		{61BE6421-444C-4E77-A91B-54A1D9FE57F0}.Release|Any CPU.ActiveCfg = Release|Any CPU
		{61BE6421-444C-4E77-A91B-54A1D9FE57F0}.Release|Any CPU.Build.0 = Release|Any CPU
		{61BE6421-444C-4E77-A91B-54A1D9FE57F0}.Release|x86.ActiveCfg = Release|Any CPU
		{61BE6421-444C-4E77-A91B-54A1D9FE57F0}.Release|x86.Build.0 = Release|Any CPU
		{509F4CBA-90D2-4FCE-9726-B36A85D80D90}.Debug|Any CPU.ActiveCfg = Debug|Any CPU
		{509F4CBA-90D2-4FCE-9726-B36A85D80D90}.Debug|Any CPU.Build.0 = Debug|Any CPU
		{509F4CBA-90D2-4FCE-9726-B36A85D80D90}.Debug|x86.ActiveCfg = Debug|Any CPU
		{509F4CBA-90D2-4FCE-9726-B36A85D80D90}.Debug|x86.Build.0 = Debug|Any CPU
		{509F4CBA-90D2-4FCE-9726-B36A85D80D90}.Release|Any CPU.ActiveCfg = Release|Any CPU
		{509F4CBA-90D2-4FCE-9726-B36A85D80D90}.Release|Any CPU.Build.0 = Release|Any CPU
		{509F4CBA-90D2-4FCE-9726-B36A85D80D90}.Release|x86.ActiveCfg = Release|Any CPU
		{509F4CBA-90D2-4FCE-9726-B36A85D80D90}.Release|x86.Build.0 = Release|Any CPU
		{A177B83F-7C6B-453C-918A-A3DA573E0C00}.Debug|Any CPU.ActiveCfg = Debug|Any CPU
		{A177B83F-7C6B-453C-918A-A3DA573E0C00}.Debug|Any CPU.Build.0 = Debug|Any CPU
		{A177B83F-7C6B-453C-918A-A3DA573E0C00}.Debug|x86.ActiveCfg = Debug|Any CPU
		{A177B83F-7C6B-453C-918A-A3DA573E0C00}.Debug|x86.Build.0 = Debug|Any CPU
		{A177B83F-7C6B-453C-918A-A3DA573E0C00}.Release|Any CPU.ActiveCfg = Release|Any CPU
		{A177B83F-7C6B-453C-918A-A3DA573E0C00}.Release|Any CPU.Build.0 = Release|Any CPU
		{A177B83F-7C6B-453C-918A-A3DA573E0C00}.Release|x86.ActiveCfg = Release|Any CPU
		{A177B83F-7C6B-453C-918A-A3DA573E0C00}.Release|x86.Build.0 = Release|Any CPU
		{6C83019F-585A-4CE6-8C89-EE4C60B68A3B}.Debug|Any CPU.ActiveCfg = Debug|Any CPU
		{6C83019F-585A-4CE6-8C89-EE4C60B68A3B}.Debug|Any CPU.Build.0 = Debug|Any CPU
		{6C83019F-585A-4CE6-8C89-EE4C60B68A3B}.Debug|x86.ActiveCfg = Debug|Any CPU
		{6C83019F-585A-4CE6-8C89-EE4C60B68A3B}.Debug|x86.Build.0 = Debug|Any CPU
		{6C83019F-585A-4CE6-8C89-EE4C60B68A3B}.Release|Any CPU.ActiveCfg = Release|Any CPU
		{6C83019F-585A-4CE6-8C89-EE4C60B68A3B}.Release|Any CPU.Build.0 = Release|Any CPU
		{6C83019F-585A-4CE6-8C89-EE4C60B68A3B}.Release|x86.ActiveCfg = Release|Any CPU
		{6C83019F-585A-4CE6-8C89-EE4C60B68A3B}.Release|x86.Build.0 = Release|Any CPU
		{73EE9906-F437-4183-8EC2-593D7DFDBA64}.Debug|Any CPU.ActiveCfg = Debug|Any CPU
		{73EE9906-F437-4183-8EC2-593D7DFDBA64}.Debug|Any CPU.Build.0 = Debug|Any CPU
		{73EE9906-F437-4183-8EC2-593D7DFDBA64}.Debug|x86.ActiveCfg = Debug|Any CPU
		{73EE9906-F437-4183-8EC2-593D7DFDBA64}.Debug|x86.Build.0 = Debug|Any CPU
		{73EE9906-F437-4183-8EC2-593D7DFDBA64}.Release|Any CPU.ActiveCfg = Release|Any CPU
		{73EE9906-F437-4183-8EC2-593D7DFDBA64}.Release|Any CPU.Build.0 = Release|Any CPU
		{73EE9906-F437-4183-8EC2-593D7DFDBA64}.Release|x86.ActiveCfg = Release|Any CPU
		{73EE9906-F437-4183-8EC2-593D7DFDBA64}.Release|x86.Build.0 = Release|Any CPU
		{0B959251-1C94-42E3-8F52-78CA8A714E07}.Debug|Any CPU.ActiveCfg = Debug|Any CPU
		{0B959251-1C94-42E3-8F52-78CA8A714E07}.Debug|Any CPU.Build.0 = Debug|Any CPU
		{0B959251-1C94-42E3-8F52-78CA8A714E07}.Debug|x86.ActiveCfg = Debug|Any CPU
		{0B959251-1C94-42E3-8F52-78CA8A714E07}.Debug|x86.Build.0 = Debug|Any CPU
		{0B959251-1C94-42E3-8F52-78CA8A714E07}.Release|Any CPU.ActiveCfg = Release|Any CPU
		{0B959251-1C94-42E3-8F52-78CA8A714E07}.Release|Any CPU.Build.0 = Release|Any CPU
		{0B959251-1C94-42E3-8F52-78CA8A714E07}.Release|x86.ActiveCfg = Release|Any CPU
		{0B959251-1C94-42E3-8F52-78CA8A714E07}.Release|x86.Build.0 = Release|Any CPU
		{56CC9375-A0E5-4F2C-8246-135FA4A3F651}.Debug|Any CPU.ActiveCfg = Debug|Any CPU
		{56CC9375-A0E5-4F2C-8246-135FA4A3F651}.Debug|Any CPU.Build.0 = Debug|Any CPU
		{56CC9375-A0E5-4F2C-8246-135FA4A3F651}.Debug|x86.ActiveCfg = Debug|Any CPU
		{56CC9375-A0E5-4F2C-8246-135FA4A3F651}.Debug|x86.Build.0 = Debug|Any CPU
		{56CC9375-A0E5-4F2C-8246-135FA4A3F651}.Release|Any CPU.ActiveCfg = Release|Any CPU
		{56CC9375-A0E5-4F2C-8246-135FA4A3F651}.Release|Any CPU.Build.0 = Release|Any CPU
		{56CC9375-A0E5-4F2C-8246-135FA4A3F651}.Release|x86.ActiveCfg = Release|Any CPU
		{56CC9375-A0E5-4F2C-8246-135FA4A3F651}.Release|x86.Build.0 = Release|Any CPU
		{0C280895-E248-4B2D-A730-DA06E9DE56F9}.Debug|Any CPU.ActiveCfg = Debug|Any CPU
		{0C280895-E248-4B2D-A730-DA06E9DE56F9}.Debug|Any CPU.Build.0 = Debug|Any CPU
		{0C280895-E248-4B2D-A730-DA06E9DE56F9}.Debug|x86.ActiveCfg = Debug|Any CPU
		{0C280895-E248-4B2D-A730-DA06E9DE56F9}.Debug|x86.Build.0 = Debug|Any CPU
		{0C280895-E248-4B2D-A730-DA06E9DE56F9}.Release|Any CPU.ActiveCfg = Release|Any CPU
		{0C280895-E248-4B2D-A730-DA06E9DE56F9}.Release|Any CPU.Build.0 = Release|Any CPU
		{0C280895-E248-4B2D-A730-DA06E9DE56F9}.Release|x86.ActiveCfg = Release|Any CPU
		{0C280895-E248-4B2D-A730-DA06E9DE56F9}.Release|x86.Build.0 = Release|Any CPU
		{9B1982F1-0C33-4440-8FB4-6DCDD6E037C4}.Debug|Any CPU.ActiveCfg = Debug|Any CPU
		{9B1982F1-0C33-4440-8FB4-6DCDD6E037C4}.Debug|Any CPU.Build.0 = Debug|Any CPU
		{9B1982F1-0C33-4440-8FB4-6DCDD6E037C4}.Debug|x86.ActiveCfg = Debug|Any CPU
		{9B1982F1-0C33-4440-8FB4-6DCDD6E037C4}.Debug|x86.Build.0 = Debug|Any CPU
		{9B1982F1-0C33-4440-8FB4-6DCDD6E037C4}.Release|Any CPU.ActiveCfg = Release|Any CPU
		{9B1982F1-0C33-4440-8FB4-6DCDD6E037C4}.Release|Any CPU.Build.0 = Release|Any CPU
		{9B1982F1-0C33-4440-8FB4-6DCDD6E037C4}.Release|x86.ActiveCfg = Release|Any CPU
		{9B1982F1-0C33-4440-8FB4-6DCDD6E037C4}.Release|x86.Build.0 = Release|Any CPU
		{C3659C8E-F87D-4CDE-AC8C-5318BD9D52AC}.Debug|Any CPU.ActiveCfg = Debug|Any CPU
		{C3659C8E-F87D-4CDE-AC8C-5318BD9D52AC}.Debug|Any CPU.Build.0 = Debug|Any CPU
		{C3659C8E-F87D-4CDE-AC8C-5318BD9D52AC}.Debug|x86.ActiveCfg = Debug|Any CPU
		{C3659C8E-F87D-4CDE-AC8C-5318BD9D52AC}.Debug|x86.Build.0 = Debug|Any CPU
		{C3659C8E-F87D-4CDE-AC8C-5318BD9D52AC}.Release|Any CPU.ActiveCfg = Release|Any CPU
		{C3659C8E-F87D-4CDE-AC8C-5318BD9D52AC}.Release|Any CPU.Build.0 = Release|Any CPU
		{C3659C8E-F87D-4CDE-AC8C-5318BD9D52AC}.Release|x86.ActiveCfg = Release|Any CPU
		{C3659C8E-F87D-4CDE-AC8C-5318BD9D52AC}.Release|x86.Build.0 = Release|Any CPU
		{FBA2782D-FF78-4ED7-B564-4F8B38E38C7B}.Debug|Any CPU.ActiveCfg = Debug|Any CPU
		{FBA2782D-FF78-4ED7-B564-4F8B38E38C7B}.Debug|Any CPU.Build.0 = Debug|Any CPU
		{FBA2782D-FF78-4ED7-B564-4F8B38E38C7B}.Debug|x86.ActiveCfg = Debug|Any CPU
		{FBA2782D-FF78-4ED7-B564-4F8B38E38C7B}.Debug|x86.Build.0 = Debug|Any CPU
		{FBA2782D-FF78-4ED7-B564-4F8B38E38C7B}.Release|Any CPU.ActiveCfg = Release|Any CPU
		{FBA2782D-FF78-4ED7-B564-4F8B38E38C7B}.Release|Any CPU.Build.0 = Release|Any CPU
		{FBA2782D-FF78-4ED7-B564-4F8B38E38C7B}.Release|x86.ActiveCfg = Release|Any CPU
		{FBA2782D-FF78-4ED7-B564-4F8B38E38C7B}.Release|x86.Build.0 = Release|Any CPU
		{F8979A69-AB0D-477C-B4EB-C6D388F78F1D}.Debug|Any CPU.ActiveCfg = Debug|Any CPU
		{F8979A69-AB0D-477C-B4EB-C6D388F78F1D}.Debug|Any CPU.Build.0 = Debug|Any CPU
		{F8979A69-AB0D-477C-B4EB-C6D388F78F1D}.Debug|x86.ActiveCfg = Debug|Any CPU
		{F8979A69-AB0D-477C-B4EB-C6D388F78F1D}.Debug|x86.Build.0 = Debug|Any CPU
		{F8979A69-AB0D-477C-B4EB-C6D388F78F1D}.Release|Any CPU.ActiveCfg = Release|Any CPU
		{F8979A69-AB0D-477C-B4EB-C6D388F78F1D}.Release|Any CPU.Build.0 = Release|Any CPU
		{F8979A69-AB0D-477C-B4EB-C6D388F78F1D}.Release|x86.ActiveCfg = Release|Any CPU
		{F8979A69-AB0D-477C-B4EB-C6D388F78F1D}.Release|x86.Build.0 = Release|Any CPU
		{F194D7A3-24B0-467E-B409-734BEC505D66}.Debug|Any CPU.ActiveCfg = Debug|Any CPU
		{F194D7A3-24B0-467E-B409-734BEC505D66}.Debug|Any CPU.Build.0 = Debug|Any CPU
		{F194D7A3-24B0-467E-B409-734BEC505D66}.Debug|x86.ActiveCfg = Debug|Any CPU
		{F194D7A3-24B0-467E-B409-734BEC505D66}.Debug|x86.Build.0 = Debug|Any CPU
		{F194D7A3-24B0-467E-B409-734BEC505D66}.Release|Any CPU.ActiveCfg = Release|Any CPU
		{F194D7A3-24B0-467E-B409-734BEC505D66}.Release|Any CPU.Build.0 = Release|Any CPU
		{F194D7A3-24B0-467E-B409-734BEC505D66}.Release|x86.ActiveCfg = Release|Any CPU
		{F194D7A3-24B0-467E-B409-734BEC505D66}.Release|x86.Build.0 = Release|Any CPU
		{90B69033-DA4E-4706-9690-120E4EAF4E49}.Debug|Any CPU.ActiveCfg = Debug|Any CPU
		{90B69033-DA4E-4706-9690-120E4EAF4E49}.Debug|Any CPU.Build.0 = Debug|Any CPU
		{90B69033-DA4E-4706-9690-120E4EAF4E49}.Debug|x86.ActiveCfg = Debug|Any CPU
		{90B69033-DA4E-4706-9690-120E4EAF4E49}.Debug|x86.Build.0 = Debug|Any CPU
		{90B69033-DA4E-4706-9690-120E4EAF4E49}.Release|Any CPU.ActiveCfg = Release|Any CPU
		{90B69033-DA4E-4706-9690-120E4EAF4E49}.Release|Any CPU.Build.0 = Release|Any CPU
		{90B69033-DA4E-4706-9690-120E4EAF4E49}.Release|x86.ActiveCfg = Release|Any CPU
		{90B69033-DA4E-4706-9690-120E4EAF4E49}.Release|x86.Build.0 = Release|Any CPU
		{57180046-75C3-4BA4-B39D-6C8435C69E79}.Debug|Any CPU.ActiveCfg = Debug|Any CPU
		{57180046-75C3-4BA4-B39D-6C8435C69E79}.Debug|Any CPU.Build.0 = Debug|Any CPU
		{57180046-75C3-4BA4-B39D-6C8435C69E79}.Debug|x86.ActiveCfg = Debug|Any CPU
		{57180046-75C3-4BA4-B39D-6C8435C69E79}.Debug|x86.Build.0 = Debug|Any CPU
		{57180046-75C3-4BA4-B39D-6C8435C69E79}.Release|Any CPU.ActiveCfg = Release|Any CPU
		{57180046-75C3-4BA4-B39D-6C8435C69E79}.Release|Any CPU.Build.0 = Release|Any CPU
		{57180046-75C3-4BA4-B39D-6C8435C69E79}.Release|x86.ActiveCfg = Release|Any CPU
		{57180046-75C3-4BA4-B39D-6C8435C69E79}.Release|x86.Build.0 = Release|Any CPU
		{00E16EC2-087F-4E1F-9176-0BC129E56468}.Debug|Any CPU.ActiveCfg = Debug|Any CPU
		{00E16EC2-087F-4E1F-9176-0BC129E56468}.Debug|Any CPU.Build.0 = Debug|Any CPU
		{00E16EC2-087F-4E1F-9176-0BC129E56468}.Debug|x86.ActiveCfg = Debug|Any CPU
		{00E16EC2-087F-4E1F-9176-0BC129E56468}.Debug|x86.Build.0 = Debug|Any CPU
		{00E16EC2-087F-4E1F-9176-0BC129E56468}.Release|Any CPU.ActiveCfg = Release|Any CPU
		{00E16EC2-087F-4E1F-9176-0BC129E56468}.Release|Any CPU.Build.0 = Release|Any CPU
		{00E16EC2-087F-4E1F-9176-0BC129E56468}.Release|x86.ActiveCfg = Release|Any CPU
		{00E16EC2-087F-4E1F-9176-0BC129E56468}.Release|x86.Build.0 = Release|Any CPU
		{D61EF88B-AA83-4470-BB83-155CD7373801}.Debug|Any CPU.ActiveCfg = Debug|Any CPU
		{D61EF88B-AA83-4470-BB83-155CD7373801}.Debug|Any CPU.Build.0 = Debug|Any CPU
		{D61EF88B-AA83-4470-BB83-155CD7373801}.Debug|x86.ActiveCfg = Debug|Any CPU
		{D61EF88B-AA83-4470-BB83-155CD7373801}.Debug|x86.Build.0 = Debug|Any CPU
		{D61EF88B-AA83-4470-BB83-155CD7373801}.Release|Any CPU.ActiveCfg = Release|Any CPU
		{D61EF88B-AA83-4470-BB83-155CD7373801}.Release|Any CPU.Build.0 = Release|Any CPU
		{D61EF88B-AA83-4470-BB83-155CD7373801}.Release|x86.ActiveCfg = Release|Any CPU
		{D61EF88B-AA83-4470-BB83-155CD7373801}.Release|x86.Build.0 = Release|Any CPU
		{D63FD66C-F2E2-4F37-9523-BA55F64E5C8B}.Debug|Any CPU.ActiveCfg = Debug|Any CPU
		{D63FD66C-F2E2-4F37-9523-BA55F64E5C8B}.Debug|Any CPU.Build.0 = Debug|Any CPU
		{D63FD66C-F2E2-4F37-9523-BA55F64E5C8B}.Debug|x86.ActiveCfg = Debug|Any CPU
		{D63FD66C-F2E2-4F37-9523-BA55F64E5C8B}.Debug|x86.Build.0 = Debug|Any CPU
		{D63FD66C-F2E2-4F37-9523-BA55F64E5C8B}.Release|Any CPU.ActiveCfg = Release|Any CPU
		{D63FD66C-F2E2-4F37-9523-BA55F64E5C8B}.Release|Any CPU.Build.0 = Release|Any CPU
		{D63FD66C-F2E2-4F37-9523-BA55F64E5C8B}.Release|x86.ActiveCfg = Release|Any CPU
		{D63FD66C-F2E2-4F37-9523-BA55F64E5C8B}.Release|x86.Build.0 = Release|Any CPU
		{CCEB6C43-4F99-4F28-8F15-DBBC09CDAAFB}.Debug|Any CPU.ActiveCfg = Debug|Any CPU
		{CCEB6C43-4F99-4F28-8F15-DBBC09CDAAFB}.Debug|Any CPU.Build.0 = Debug|Any CPU
		{CCEB6C43-4F99-4F28-8F15-DBBC09CDAAFB}.Debug|x86.ActiveCfg = Debug|Any CPU
		{CCEB6C43-4F99-4F28-8F15-DBBC09CDAAFB}.Debug|x86.Build.0 = Debug|Any CPU
		{CCEB6C43-4F99-4F28-8F15-DBBC09CDAAFB}.Release|Any CPU.ActiveCfg = Release|Any CPU
		{CCEB6C43-4F99-4F28-8F15-DBBC09CDAAFB}.Release|Any CPU.Build.0 = Release|Any CPU
		{CCEB6C43-4F99-4F28-8F15-DBBC09CDAAFB}.Release|x86.ActiveCfg = Release|Any CPU
		{CCEB6C43-4F99-4F28-8F15-DBBC09CDAAFB}.Release|x86.Build.0 = Release|Any CPU
		{5B44ACB5-19D9-41BE-B9FD-D653BFADA932}.Debug|Any CPU.ActiveCfg = Debug|Any CPU
		{5B44ACB5-19D9-41BE-B9FD-D653BFADA932}.Debug|Any CPU.Build.0 = Debug|Any CPU
		{5B44ACB5-19D9-41BE-B9FD-D653BFADA932}.Debug|x86.ActiveCfg = Debug|Any CPU
		{5B44ACB5-19D9-41BE-B9FD-D653BFADA932}.Debug|x86.Build.0 = Debug|Any CPU
		{5B44ACB5-19D9-41BE-B9FD-D653BFADA932}.Release|Any CPU.ActiveCfg = Release|Any CPU
		{5B44ACB5-19D9-41BE-B9FD-D653BFADA932}.Release|Any CPU.Build.0 = Release|Any CPU
		{5B44ACB5-19D9-41BE-B9FD-D653BFADA932}.Release|x86.ActiveCfg = Release|Any CPU
		{5B44ACB5-19D9-41BE-B9FD-D653BFADA932}.Release|x86.Build.0 = Release|Any CPU
		{3F7BD1EA-63C7-4407-896B-A3EA27D915F6}.Debug|Any CPU.ActiveCfg = Debug|Any CPU
		{3F7BD1EA-63C7-4407-896B-A3EA27D915F6}.Debug|Any CPU.Build.0 = Debug|Any CPU
		{3F7BD1EA-63C7-4407-896B-A3EA27D915F6}.Debug|x86.ActiveCfg = Debug|Any CPU
		{3F7BD1EA-63C7-4407-896B-A3EA27D915F6}.Debug|x86.Build.0 = Debug|Any CPU
		{3F7BD1EA-63C7-4407-896B-A3EA27D915F6}.Release|Any CPU.ActiveCfg = Release|Any CPU
		{3F7BD1EA-63C7-4407-896B-A3EA27D915F6}.Release|Any CPU.Build.0 = Release|Any CPU
		{3F7BD1EA-63C7-4407-896B-A3EA27D915F6}.Release|x86.ActiveCfg = Release|Any CPU
		{3F7BD1EA-63C7-4407-896B-A3EA27D915F6}.Release|x86.Build.0 = Release|Any CPU
		{EDC4E9CC-A571-4874-8A72-BED8DA552C5B}.Debug|Any CPU.ActiveCfg = Debug|Any CPU
		{EDC4E9CC-A571-4874-8A72-BED8DA552C5B}.Debug|Any CPU.Build.0 = Debug|Any CPU
		{EDC4E9CC-A571-4874-8A72-BED8DA552C5B}.Debug|x86.ActiveCfg = Debug|Any CPU
		{EDC4E9CC-A571-4874-8A72-BED8DA552C5B}.Debug|x86.Build.0 = Debug|Any CPU
		{EDC4E9CC-A571-4874-8A72-BED8DA552C5B}.Release|Any CPU.ActiveCfg = Release|Any CPU
		{EDC4E9CC-A571-4874-8A72-BED8DA552C5B}.Release|Any CPU.Build.0 = Release|Any CPU
		{EDC4E9CC-A571-4874-8A72-BED8DA552C5B}.Release|x86.ActiveCfg = Release|Any CPU
		{EDC4E9CC-A571-4874-8A72-BED8DA552C5B}.Release|x86.Build.0 = Release|Any CPU
		{17E0D452-E631-4953-9D3C-451690B94552}.Debug|Any CPU.ActiveCfg = Debug|Any CPU
		{17E0D452-E631-4953-9D3C-451690B94552}.Debug|Any CPU.Build.0 = Debug|Any CPU
		{17E0D452-E631-4953-9D3C-451690B94552}.Debug|x86.ActiveCfg = Debug|Any CPU
		{17E0D452-E631-4953-9D3C-451690B94552}.Debug|x86.Build.0 = Debug|Any CPU
		{17E0D452-E631-4953-9D3C-451690B94552}.Release|Any CPU.ActiveCfg = Release|Any CPU
		{17E0D452-E631-4953-9D3C-451690B94552}.Release|Any CPU.Build.0 = Release|Any CPU
		{17E0D452-E631-4953-9D3C-451690B94552}.Release|x86.ActiveCfg = Release|Any CPU
		{17E0D452-E631-4953-9D3C-451690B94552}.Release|x86.Build.0 = Release|Any CPU
		{9686F6AF-EF58-4E21-950F-0622C5BA5040}.Debug|Any CPU.ActiveCfg = Debug|Any CPU
		{9686F6AF-EF58-4E21-950F-0622C5BA5040}.Debug|Any CPU.Build.0 = Debug|Any CPU
		{9686F6AF-EF58-4E21-950F-0622C5BA5040}.Debug|x86.ActiveCfg = Debug|Any CPU
		{9686F6AF-EF58-4E21-950F-0622C5BA5040}.Debug|x86.Build.0 = Debug|Any CPU
		{9686F6AF-EF58-4E21-950F-0622C5BA5040}.Release|Any CPU.ActiveCfg = Release|Any CPU
		{9686F6AF-EF58-4E21-950F-0622C5BA5040}.Release|Any CPU.Build.0 = Release|Any CPU
		{9686F6AF-EF58-4E21-950F-0622C5BA5040}.Release|x86.ActiveCfg = Release|Any CPU
		{9686F6AF-EF58-4E21-950F-0622C5BA5040}.Release|x86.Build.0 = Release|Any CPU
		{39A9C1FA-1AB1-4056-826A-C2C14DF285BC}.Debug|Any CPU.ActiveCfg = Debug|Any CPU
		{39A9C1FA-1AB1-4056-826A-C2C14DF285BC}.Debug|Any CPU.Build.0 = Debug|Any CPU
		{39A9C1FA-1AB1-4056-826A-C2C14DF285BC}.Debug|x86.ActiveCfg = Debug|Any CPU
		{39A9C1FA-1AB1-4056-826A-C2C14DF285BC}.Debug|x86.Build.0 = Debug|Any CPU
		{39A9C1FA-1AB1-4056-826A-C2C14DF285BC}.Release|Any CPU.ActiveCfg = Release|Any CPU
		{39A9C1FA-1AB1-4056-826A-C2C14DF285BC}.Release|Any CPU.Build.0 = Release|Any CPU
		{39A9C1FA-1AB1-4056-826A-C2C14DF285BC}.Release|x86.ActiveCfg = Release|Any CPU
		{39A9C1FA-1AB1-4056-826A-C2C14DF285BC}.Release|x86.Build.0 = Release|Any CPU
		{2FC56E32-CC28-4199-ADB4-8AEF15D916F9}.Debug|Any CPU.ActiveCfg = Debug|Any CPU
		{2FC56E32-CC28-4199-ADB4-8AEF15D916F9}.Debug|Any CPU.Build.0 = Debug|Any CPU
		{2FC56E32-CC28-4199-ADB4-8AEF15D916F9}.Debug|x86.ActiveCfg = Debug|Any CPU
		{2FC56E32-CC28-4199-ADB4-8AEF15D916F9}.Debug|x86.Build.0 = Debug|Any CPU
		{2FC56E32-CC28-4199-ADB4-8AEF15D916F9}.Release|Any CPU.ActiveCfg = Release|Any CPU
		{2FC56E32-CC28-4199-ADB4-8AEF15D916F9}.Release|Any CPU.Build.0 = Release|Any CPU
		{2FC56E32-CC28-4199-ADB4-8AEF15D916F9}.Release|x86.ActiveCfg = Release|Any CPU
		{2FC56E32-CC28-4199-ADB4-8AEF15D916F9}.Release|x86.Build.0 = Release|Any CPU
		{3E4BB017-FD9D-4AFF-881C-35EFB2B92AA5}.Debug|Any CPU.ActiveCfg = Debug|Any CPU
		{3E4BB017-FD9D-4AFF-881C-35EFB2B92AA5}.Debug|Any CPU.Build.0 = Debug|Any CPU
		{3E4BB017-FD9D-4AFF-881C-35EFB2B92AA5}.Debug|x86.ActiveCfg = Debug|Any CPU
		{3E4BB017-FD9D-4AFF-881C-35EFB2B92AA5}.Debug|x86.Build.0 = Debug|Any CPU
		{3E4BB017-FD9D-4AFF-881C-35EFB2B92AA5}.Release|Any CPU.ActiveCfg = Release|Any CPU
		{3E4BB017-FD9D-4AFF-881C-35EFB2B92AA5}.Release|Any CPU.Build.0 = Release|Any CPU
		{3E4BB017-FD9D-4AFF-881C-35EFB2B92AA5}.Release|x86.ActiveCfg = Release|Any CPU
		{3E4BB017-FD9D-4AFF-881C-35EFB2B92AA5}.Release|x86.Build.0 = Release|Any CPU
		{6B963F31-29B2-4872-B316-752EEAD708B1}.Debug|Any CPU.ActiveCfg = Debug|Any CPU
		{6B963F31-29B2-4872-B316-752EEAD708B1}.Debug|Any CPU.Build.0 = Debug|Any CPU
		{6B963F31-29B2-4872-B316-752EEAD708B1}.Debug|x86.ActiveCfg = Debug|Any CPU
		{6B963F31-29B2-4872-B316-752EEAD708B1}.Debug|x86.Build.0 = Debug|Any CPU
		{6B963F31-29B2-4872-B316-752EEAD708B1}.Release|Any CPU.ActiveCfg = Release|Any CPU
		{6B963F31-29B2-4872-B316-752EEAD708B1}.Release|Any CPU.Build.0 = Release|Any CPU
		{6B963F31-29B2-4872-B316-752EEAD708B1}.Release|x86.ActiveCfg = Release|Any CPU
		{6B963F31-29B2-4872-B316-752EEAD708B1}.Release|x86.Build.0 = Release|Any CPU
		{02D01DA8-78EF-4933-B80D-58FB64A9DC43}.Debug|Any CPU.ActiveCfg = Debug|Any CPU
		{02D01DA8-78EF-4933-B80D-58FB64A9DC43}.Debug|Any CPU.Build.0 = Debug|Any CPU
		{02D01DA8-78EF-4933-B80D-58FB64A9DC43}.Debug|x86.ActiveCfg = Debug|Any CPU
		{02D01DA8-78EF-4933-B80D-58FB64A9DC43}.Debug|x86.Build.0 = Debug|Any CPU
		{02D01DA8-78EF-4933-B80D-58FB64A9DC43}.Release|Any CPU.ActiveCfg = Release|Any CPU
		{02D01DA8-78EF-4933-B80D-58FB64A9DC43}.Release|Any CPU.Build.0 = Release|Any CPU
		{02D01DA8-78EF-4933-B80D-58FB64A9DC43}.Release|x86.ActiveCfg = Release|Any CPU
		{02D01DA8-78EF-4933-B80D-58FB64A9DC43}.Release|x86.Build.0 = Release|Any CPU
		{E556BB95-1109-4735-B7D6-BB8BA1787EE6}.Debug|Any CPU.ActiveCfg = Debug|Any CPU
		{E556BB95-1109-4735-B7D6-BB8BA1787EE6}.Debug|Any CPU.Build.0 = Debug|Any CPU
		{E556BB95-1109-4735-B7D6-BB8BA1787EE6}.Debug|x86.ActiveCfg = Debug|Any CPU
		{E556BB95-1109-4735-B7D6-BB8BA1787EE6}.Debug|x86.Build.0 = Debug|Any CPU
		{E556BB95-1109-4735-B7D6-BB8BA1787EE6}.Release|Any CPU.ActiveCfg = Release|Any CPU
		{E556BB95-1109-4735-B7D6-BB8BA1787EE6}.Release|Any CPU.Build.0 = Release|Any CPU
		{E556BB95-1109-4735-B7D6-BB8BA1787EE6}.Release|x86.ActiveCfg = Release|Any CPU
		{E556BB95-1109-4735-B7D6-BB8BA1787EE6}.Release|x86.Build.0 = Release|Any CPU
		{EAEC440A-5FF2-4710-84BF-4CB109F29E10}.Debug|Any CPU.ActiveCfg = Debug|Any CPU
		{EAEC440A-5FF2-4710-84BF-4CB109F29E10}.Debug|Any CPU.Build.0 = Debug|Any CPU
		{EAEC440A-5FF2-4710-84BF-4CB109F29E10}.Debug|x86.ActiveCfg = Debug|Any CPU
		{EAEC440A-5FF2-4710-84BF-4CB109F29E10}.Debug|x86.Build.0 = Debug|Any CPU
		{EAEC440A-5FF2-4710-84BF-4CB109F29E10}.Release|Any CPU.ActiveCfg = Release|Any CPU
		{EAEC440A-5FF2-4710-84BF-4CB109F29E10}.Release|Any CPU.Build.0 = Release|Any CPU
		{EAEC440A-5FF2-4710-84BF-4CB109F29E10}.Release|x86.ActiveCfg = Release|Any CPU
		{EAEC440A-5FF2-4710-84BF-4CB109F29E10}.Release|x86.Build.0 = Release|Any CPU
		{56E0118D-3330-4588-8756-7828E541AE28}.Debug|Any CPU.ActiveCfg = Debug|Any CPU
		{56E0118D-3330-4588-8756-7828E541AE28}.Debug|Any CPU.Build.0 = Debug|Any CPU
		{56E0118D-3330-4588-8756-7828E541AE28}.Debug|x86.ActiveCfg = Debug|Any CPU
		{56E0118D-3330-4588-8756-7828E541AE28}.Debug|x86.Build.0 = Debug|Any CPU
		{56E0118D-3330-4588-8756-7828E541AE28}.Release|Any CPU.ActiveCfg = Release|Any CPU
		{56E0118D-3330-4588-8756-7828E541AE28}.Release|Any CPU.Build.0 = Release|Any CPU
		{56E0118D-3330-4588-8756-7828E541AE28}.Release|x86.ActiveCfg = Release|Any CPU
		{56E0118D-3330-4588-8756-7828E541AE28}.Release|x86.Build.0 = Release|Any CPU
		{6F2EE5B4-211F-4BE5-833A-54BF6D9B5FB7}.Debug|Any CPU.ActiveCfg = Debug|Any CPU
		{6F2EE5B4-211F-4BE5-833A-54BF6D9B5FB7}.Debug|Any CPU.Build.0 = Debug|Any CPU
		{6F2EE5B4-211F-4BE5-833A-54BF6D9B5FB7}.Debug|x86.ActiveCfg = Debug|Any CPU
		{6F2EE5B4-211F-4BE5-833A-54BF6D9B5FB7}.Debug|x86.Build.0 = Debug|Any CPU
		{6F2EE5B4-211F-4BE5-833A-54BF6D9B5FB7}.Release|Any CPU.ActiveCfg = Release|Any CPU
		{6F2EE5B4-211F-4BE5-833A-54BF6D9B5FB7}.Release|Any CPU.Build.0 = Release|Any CPU
		{6F2EE5B4-211F-4BE5-833A-54BF6D9B5FB7}.Release|x86.ActiveCfg = Release|Any CPU
		{6F2EE5B4-211F-4BE5-833A-54BF6D9B5FB7}.Release|x86.Build.0 = Release|Any CPU
		{7219758B-062A-4E21-8D28-8C91F91A73E7}.Debug|Any CPU.ActiveCfg = Debug|Any CPU
		{7219758B-062A-4E21-8D28-8C91F91A73E7}.Debug|Any CPU.Build.0 = Debug|Any CPU
		{7219758B-062A-4E21-8D28-8C91F91A73E7}.Debug|x86.ActiveCfg = Debug|Any CPU
		{7219758B-062A-4E21-8D28-8C91F91A73E7}.Debug|x86.Build.0 = Debug|Any CPU
		{7219758B-062A-4E21-8D28-8C91F91A73E7}.Release|Any CPU.ActiveCfg = Release|Any CPU
		{7219758B-062A-4E21-8D28-8C91F91A73E7}.Release|Any CPU.Build.0 = Release|Any CPU
		{7219758B-062A-4E21-8D28-8C91F91A73E7}.Release|x86.ActiveCfg = Release|Any CPU
		{7219758B-062A-4E21-8D28-8C91F91A73E7}.Release|x86.Build.0 = Release|Any CPU
		{9749BE38-127D-49C2-A2BC-3CAE72F1472F}.Debug|Any CPU.ActiveCfg = Debug|Any CPU
		{9749BE38-127D-49C2-A2BC-3CAE72F1472F}.Debug|Any CPU.Build.0 = Debug|Any CPU
		{9749BE38-127D-49C2-A2BC-3CAE72F1472F}.Debug|x86.ActiveCfg = Debug|Any CPU
		{9749BE38-127D-49C2-A2BC-3CAE72F1472F}.Debug|x86.Build.0 = Debug|Any CPU
		{9749BE38-127D-49C2-A2BC-3CAE72F1472F}.Release|Any CPU.ActiveCfg = Release|Any CPU
		{9749BE38-127D-49C2-A2BC-3CAE72F1472F}.Release|Any CPU.Build.0 = Release|Any CPU
		{9749BE38-127D-49C2-A2BC-3CAE72F1472F}.Release|x86.ActiveCfg = Release|Any CPU
		{9749BE38-127D-49C2-A2BC-3CAE72F1472F}.Release|x86.Build.0 = Release|Any CPU
		{E9CC1D09-A3C7-4D3B-8639-B7328B7852F7}.Debug|Any CPU.ActiveCfg = Debug|Any CPU
		{E9CC1D09-A3C7-4D3B-8639-B7328B7852F7}.Debug|Any CPU.Build.0 = Debug|Any CPU
		{E9CC1D09-A3C7-4D3B-8639-B7328B7852F7}.Debug|x86.ActiveCfg = Debug|Any CPU
		{E9CC1D09-A3C7-4D3B-8639-B7328B7852F7}.Debug|x86.Build.0 = Debug|Any CPU
		{E9CC1D09-A3C7-4D3B-8639-B7328B7852F7}.Release|Any CPU.ActiveCfg = Release|Any CPU
		{E9CC1D09-A3C7-4D3B-8639-B7328B7852F7}.Release|Any CPU.Build.0 = Release|Any CPU
		{E9CC1D09-A3C7-4D3B-8639-B7328B7852F7}.Release|x86.ActiveCfg = Release|Any CPU
		{E9CC1D09-A3C7-4D3B-8639-B7328B7852F7}.Release|x86.Build.0 = Release|Any CPU
		{4FBEC4C9-721B-465D-B08D-DABE23D7BB8B}.Debug|Any CPU.ActiveCfg = Debug|Any CPU
		{4FBEC4C9-721B-465D-B08D-DABE23D7BB8B}.Debug|Any CPU.Build.0 = Debug|Any CPU
		{4FBEC4C9-721B-465D-B08D-DABE23D7BB8B}.Debug|x86.ActiveCfg = Debug|Any CPU
		{4FBEC4C9-721B-465D-B08D-DABE23D7BB8B}.Debug|x86.Build.0 = Debug|Any CPU
		{4FBEC4C9-721B-465D-B08D-DABE23D7BB8B}.Release|Any CPU.ActiveCfg = Release|Any CPU
		{4FBEC4C9-721B-465D-B08D-DABE23D7BB8B}.Release|Any CPU.Build.0 = Release|Any CPU
		{4FBEC4C9-721B-465D-B08D-DABE23D7BB8B}.Release|x86.ActiveCfg = Release|Any CPU
		{4FBEC4C9-721B-465D-B08D-DABE23D7BB8B}.Release|x86.Build.0 = Release|Any CPU
		{D267B24D-3F48-4D51-AC8E-F612BB3A78FA}.Debug|Any CPU.ActiveCfg = Debug|Any CPU
		{D267B24D-3F48-4D51-AC8E-F612BB3A78FA}.Debug|Any CPU.Build.0 = Debug|Any CPU
		{D267B24D-3F48-4D51-AC8E-F612BB3A78FA}.Debug|x86.ActiveCfg = Debug|Any CPU
		{D267B24D-3F48-4D51-AC8E-F612BB3A78FA}.Debug|x86.Build.0 = Debug|Any CPU
		{D267B24D-3F48-4D51-AC8E-F612BB3A78FA}.Release|Any CPU.ActiveCfg = Release|Any CPU
		{D267B24D-3F48-4D51-AC8E-F612BB3A78FA}.Release|Any CPU.Build.0 = Release|Any CPU
		{D267B24D-3F48-4D51-AC8E-F612BB3A78FA}.Release|x86.ActiveCfg = Release|Any CPU
		{D267B24D-3F48-4D51-AC8E-F612BB3A78FA}.Release|x86.Build.0 = Release|Any CPU
		{C66D7150-82B3-4897-BA0D-5FDB68B256AC}.Debug|Any CPU.ActiveCfg = Debug|Any CPU
		{C66D7150-82B3-4897-BA0D-5FDB68B256AC}.Debug|Any CPU.Build.0 = Debug|Any CPU
		{C66D7150-82B3-4897-BA0D-5FDB68B256AC}.Debug|x86.ActiveCfg = Debug|Any CPU
		{C66D7150-82B3-4897-BA0D-5FDB68B256AC}.Debug|x86.Build.0 = Debug|Any CPU
		{C66D7150-82B3-4897-BA0D-5FDB68B256AC}.Release|Any CPU.ActiveCfg = Release|Any CPU
		{C66D7150-82B3-4897-BA0D-5FDB68B256AC}.Release|Any CPU.Build.0 = Release|Any CPU
		{C66D7150-82B3-4897-BA0D-5FDB68B256AC}.Release|x86.ActiveCfg = Release|Any CPU
		{C66D7150-82B3-4897-BA0D-5FDB68B256AC}.Release|x86.Build.0 = Release|Any CPU
		{CE8449F4-C2BB-437D-87DB-CDEA87C4A959}.Debug|Any CPU.ActiveCfg = Debug|Any CPU
		{CE8449F4-C2BB-437D-87DB-CDEA87C4A959}.Debug|Any CPU.Build.0 = Debug|Any CPU
		{CE8449F4-C2BB-437D-87DB-CDEA87C4A959}.Debug|x86.ActiveCfg = Debug|Any CPU
		{CE8449F4-C2BB-437D-87DB-CDEA87C4A959}.Debug|x86.Build.0 = Debug|Any CPU
		{CE8449F4-C2BB-437D-87DB-CDEA87C4A959}.Release|Any CPU.ActiveCfg = Release|Any CPU
		{CE8449F4-C2BB-437D-87DB-CDEA87C4A959}.Release|Any CPU.Build.0 = Release|Any CPU
		{CE8449F4-C2BB-437D-87DB-CDEA87C4A959}.Release|x86.ActiveCfg = Release|Any CPU
		{CE8449F4-C2BB-437D-87DB-CDEA87C4A959}.Release|x86.Build.0 = Release|Any CPU
		{736CF2AB-21A4-4BEF-B58C-11C9C9D92CF0}.Debug|Any CPU.ActiveCfg = Debug|Any CPU
		{736CF2AB-21A4-4BEF-B58C-11C9C9D92CF0}.Debug|Any CPU.Build.0 = Debug|Any CPU
		{736CF2AB-21A4-4BEF-B58C-11C9C9D92CF0}.Debug|x86.ActiveCfg = Debug|Any CPU
		{736CF2AB-21A4-4BEF-B58C-11C9C9D92CF0}.Debug|x86.Build.0 = Debug|Any CPU
		{736CF2AB-21A4-4BEF-B58C-11C9C9D92CF0}.Release|Any CPU.ActiveCfg = Release|Any CPU
		{736CF2AB-21A4-4BEF-B58C-11C9C9D92CF0}.Release|Any CPU.Build.0 = Release|Any CPU
		{736CF2AB-21A4-4BEF-B58C-11C9C9D92CF0}.Release|x86.ActiveCfg = Release|Any CPU
		{736CF2AB-21A4-4BEF-B58C-11C9C9D92CF0}.Release|x86.Build.0 = Release|Any CPU
		{2E3A9E26-793E-4C14-AB31-BC2347691885}.Debug|Any CPU.ActiveCfg = Debug|Any CPU
		{2E3A9E26-793E-4C14-AB31-BC2347691885}.Debug|Any CPU.Build.0 = Debug|Any CPU
		{2E3A9E26-793E-4C14-AB31-BC2347691885}.Debug|x86.ActiveCfg = Debug|Any CPU
		{2E3A9E26-793E-4C14-AB31-BC2347691885}.Debug|x86.Build.0 = Debug|Any CPU
		{2E3A9E26-793E-4C14-AB31-BC2347691885}.Release|Any CPU.ActiveCfg = Release|Any CPU
		{2E3A9E26-793E-4C14-AB31-BC2347691885}.Release|Any CPU.Build.0 = Release|Any CPU
		{2E3A9E26-793E-4C14-AB31-BC2347691885}.Release|x86.ActiveCfg = Release|Any CPU
		{2E3A9E26-793E-4C14-AB31-BC2347691885}.Release|x86.Build.0 = Release|Any CPU
		{2EA3E82E-9990-4ADB-A6E9-BB9F3943485E}.Debug|Any CPU.ActiveCfg = Debug|Any CPU
		{2EA3E82E-9990-4ADB-A6E9-BB9F3943485E}.Debug|Any CPU.Build.0 = Debug|Any CPU
		{2EA3E82E-9990-4ADB-A6E9-BB9F3943485E}.Debug|x86.ActiveCfg = Debug|Any CPU
		{2EA3E82E-9990-4ADB-A6E9-BB9F3943485E}.Debug|x86.Build.0 = Debug|Any CPU
		{2EA3E82E-9990-4ADB-A6E9-BB9F3943485E}.Release|Any CPU.ActiveCfg = Release|Any CPU
		{2EA3E82E-9990-4ADB-A6E9-BB9F3943485E}.Release|Any CPU.Build.0 = Release|Any CPU
		{2EA3E82E-9990-4ADB-A6E9-BB9F3943485E}.Release|x86.ActiveCfg = Release|Any CPU
		{2EA3E82E-9990-4ADB-A6E9-BB9F3943485E}.Release|x86.Build.0 = Release|Any CPU
		{877A0791-130D-4CE9-85AF-B13CAB0E8B8E}.Debug|Any CPU.ActiveCfg = Debug|Any CPU
		{877A0791-130D-4CE9-85AF-B13CAB0E8B8E}.Debug|Any CPU.Build.0 = Debug|Any CPU
		{877A0791-130D-4CE9-85AF-B13CAB0E8B8E}.Debug|x86.ActiveCfg = Debug|Any CPU
		{877A0791-130D-4CE9-85AF-B13CAB0E8B8E}.Debug|x86.Build.0 = Debug|Any CPU
		{877A0791-130D-4CE9-85AF-B13CAB0E8B8E}.Release|Any CPU.ActiveCfg = Release|Any CPU
		{877A0791-130D-4CE9-85AF-B13CAB0E8B8E}.Release|Any CPU.Build.0 = Release|Any CPU
		{877A0791-130D-4CE9-85AF-B13CAB0E8B8E}.Release|x86.ActiveCfg = Release|Any CPU
		{877A0791-130D-4CE9-85AF-B13CAB0E8B8E}.Release|x86.Build.0 = Release|Any CPU
		{0D71A78F-D981-4C5F-97CC-52A1D2B0693D}.Debug|Any CPU.ActiveCfg = Debug|Any CPU
		{0D71A78F-D981-4C5F-97CC-52A1D2B0693D}.Debug|Any CPU.Build.0 = Debug|Any CPU
		{0D71A78F-D981-4C5F-97CC-52A1D2B0693D}.Debug|x86.ActiveCfg = Debug|Any CPU
		{0D71A78F-D981-4C5F-97CC-52A1D2B0693D}.Debug|x86.Build.0 = Debug|Any CPU
		{0D71A78F-D981-4C5F-97CC-52A1D2B0693D}.Release|Any CPU.ActiveCfg = Release|Any CPU
		{0D71A78F-D981-4C5F-97CC-52A1D2B0693D}.Release|Any CPU.Build.0 = Release|Any CPU
		{0D71A78F-D981-4C5F-97CC-52A1D2B0693D}.Release|x86.ActiveCfg = Release|Any CPU
		{0D71A78F-D981-4C5F-97CC-52A1D2B0693D}.Release|x86.Build.0 = Release|Any CPU
		{B37A19F0-C57C-4832-BFC4-19FDB992F350}.Debug|Any CPU.ActiveCfg = Debug|Any CPU
		{B37A19F0-C57C-4832-BFC4-19FDB992F350}.Debug|Any CPU.Build.0 = Debug|Any CPU
		{B37A19F0-C57C-4832-BFC4-19FDB992F350}.Debug|x86.ActiveCfg = Debug|Any CPU
		{B37A19F0-C57C-4832-BFC4-19FDB992F350}.Debug|x86.Build.0 = Debug|Any CPU
		{B37A19F0-C57C-4832-BFC4-19FDB992F350}.Release|Any CPU.ActiveCfg = Release|Any CPU
		{B37A19F0-C57C-4832-BFC4-19FDB992F350}.Release|Any CPU.Build.0 = Release|Any CPU
		{B37A19F0-C57C-4832-BFC4-19FDB992F350}.Release|x86.ActiveCfg = Release|Any CPU
		{B37A19F0-C57C-4832-BFC4-19FDB992F350}.Release|x86.Build.0 = Release|Any CPU
		{0AA833B2-F655-4824-8761-A627A96E7362}.Debug|Any CPU.ActiveCfg = Debug|Any CPU
		{0AA833B2-F655-4824-8761-A627A96E7362}.Debug|Any CPU.Build.0 = Debug|Any CPU
		{0AA833B2-F655-4824-8761-A627A96E7362}.Debug|x86.ActiveCfg = Debug|Any CPU
		{0AA833B2-F655-4824-8761-A627A96E7362}.Debug|x86.Build.0 = Debug|Any CPU
		{0AA833B2-F655-4824-8761-A627A96E7362}.Release|Any CPU.ActiveCfg = Release|Any CPU
		{0AA833B2-F655-4824-8761-A627A96E7362}.Release|Any CPU.Build.0 = Release|Any CPU
		{0AA833B2-F655-4824-8761-A627A96E7362}.Release|x86.ActiveCfg = Release|Any CPU
		{0AA833B2-F655-4824-8761-A627A96E7362}.Release|x86.Build.0 = Release|Any CPU
		{5EC0FC11-1497-42C9-9F8D-CA130A5EB679}.Debug|Any CPU.ActiveCfg = Debug|Any CPU
		{5EC0FC11-1497-42C9-9F8D-CA130A5EB679}.Debug|Any CPU.Build.0 = Debug|Any CPU
		{5EC0FC11-1497-42C9-9F8D-CA130A5EB679}.Debug|x86.ActiveCfg = Debug|Any CPU
		{5EC0FC11-1497-42C9-9F8D-CA130A5EB679}.Debug|x86.Build.0 = Debug|Any CPU
		{5EC0FC11-1497-42C9-9F8D-CA130A5EB679}.Release|Any CPU.ActiveCfg = Release|Any CPU
		{5EC0FC11-1497-42C9-9F8D-CA130A5EB679}.Release|Any CPU.Build.0 = Release|Any CPU
		{5EC0FC11-1497-42C9-9F8D-CA130A5EB679}.Release|x86.ActiveCfg = Release|Any CPU
		{5EC0FC11-1497-42C9-9F8D-CA130A5EB679}.Release|x86.Build.0 = Release|Any CPU
		{4F851F80-096F-4287-A801-B829421CD258}.Debug|Any CPU.ActiveCfg = Debug|Any CPU
		{4F851F80-096F-4287-A801-B829421CD258}.Debug|Any CPU.Build.0 = Debug|Any CPU
		{4F851F80-096F-4287-A801-B829421CD258}.Debug|x86.ActiveCfg = Debug|Any CPU
		{4F851F80-096F-4287-A801-B829421CD258}.Debug|x86.Build.0 = Debug|Any CPU
		{4F851F80-096F-4287-A801-B829421CD258}.Release|Any CPU.ActiveCfg = Release|Any CPU
		{4F851F80-096F-4287-A801-B829421CD258}.Release|Any CPU.Build.0 = Release|Any CPU
		{4F851F80-096F-4287-A801-B829421CD258}.Release|x86.ActiveCfg = Release|Any CPU
		{4F851F80-096F-4287-A801-B829421CD258}.Release|x86.Build.0 = Release|Any CPU
		{4D4116FB-BFF1-4025-88BC-3AB56D6CEC0A}.Debug|Any CPU.ActiveCfg = Debug|Any CPU
		{4D4116FB-BFF1-4025-88BC-3AB56D6CEC0A}.Debug|Any CPU.Build.0 = Debug|Any CPU
		{4D4116FB-BFF1-4025-88BC-3AB56D6CEC0A}.Debug|x86.ActiveCfg = Debug|Any CPU
		{4D4116FB-BFF1-4025-88BC-3AB56D6CEC0A}.Debug|x86.Build.0 = Debug|Any CPU
		{4D4116FB-BFF1-4025-88BC-3AB56D6CEC0A}.Release|Any CPU.ActiveCfg = Release|Any CPU
		{4D4116FB-BFF1-4025-88BC-3AB56D6CEC0A}.Release|Any CPU.Build.0 = Release|Any CPU
		{4D4116FB-BFF1-4025-88BC-3AB56D6CEC0A}.Release|x86.ActiveCfg = Release|Any CPU
		{4D4116FB-BFF1-4025-88BC-3AB56D6CEC0A}.Release|x86.Build.0 = Release|Any CPU
		{FE97406A-4200-4F1C-BD4F-1FF77CDB7749}.Debug|Any CPU.ActiveCfg = Debug|Any CPU
		{FE97406A-4200-4F1C-BD4F-1FF77CDB7749}.Debug|Any CPU.Build.0 = Debug|Any CPU
		{FE97406A-4200-4F1C-BD4F-1FF77CDB7749}.Debug|x86.ActiveCfg = Debug|Any CPU
		{FE97406A-4200-4F1C-BD4F-1FF77CDB7749}.Debug|x86.Build.0 = Debug|Any CPU
		{FE97406A-4200-4F1C-BD4F-1FF77CDB7749}.Release|Any CPU.ActiveCfg = Release|Any CPU
		{FE97406A-4200-4F1C-BD4F-1FF77CDB7749}.Release|Any CPU.Build.0 = Release|Any CPU
		{FE97406A-4200-4F1C-BD4F-1FF77CDB7749}.Release|x86.ActiveCfg = Release|Any CPU
		{FE97406A-4200-4F1C-BD4F-1FF77CDB7749}.Release|x86.Build.0 = Release|Any CPU
		{05148812-0323-4778-B5A3-68656F5F4C2A}.Debug|Any CPU.ActiveCfg = Debug|Any CPU
		{05148812-0323-4778-B5A3-68656F5F4C2A}.Debug|Any CPU.Build.0 = Debug|Any CPU
		{05148812-0323-4778-B5A3-68656F5F4C2A}.Debug|x86.ActiveCfg = Debug|Any CPU
		{05148812-0323-4778-B5A3-68656F5F4C2A}.Debug|x86.Build.0 = Debug|Any CPU
		{05148812-0323-4778-B5A3-68656F5F4C2A}.Release|Any CPU.ActiveCfg = Release|Any CPU
		{05148812-0323-4778-B5A3-68656F5F4C2A}.Release|Any CPU.Build.0 = Release|Any CPU
		{05148812-0323-4778-B5A3-68656F5F4C2A}.Release|x86.ActiveCfg = Release|Any CPU
		{05148812-0323-4778-B5A3-68656F5F4C2A}.Release|x86.Build.0 = Release|Any CPU
		{A4282872-CCBD-4765-96D8-24CF5E005E95}.Debug|Any CPU.ActiveCfg = Debug|Any CPU
		{A4282872-CCBD-4765-96D8-24CF5E005E95}.Debug|Any CPU.Build.0 = Debug|Any CPU
		{A4282872-CCBD-4765-96D8-24CF5E005E95}.Debug|x86.ActiveCfg = Debug|Any CPU
		{A4282872-CCBD-4765-96D8-24CF5E005E95}.Debug|x86.Build.0 = Debug|Any CPU
		{A4282872-CCBD-4765-96D8-24CF5E005E95}.Release|Any CPU.ActiveCfg = Release|Any CPU
		{A4282872-CCBD-4765-96D8-24CF5E005E95}.Release|Any CPU.Build.0 = Release|Any CPU
		{A4282872-CCBD-4765-96D8-24CF5E005E95}.Release|x86.ActiveCfg = Release|Any CPU
		{A4282872-CCBD-4765-96D8-24CF5E005E95}.Release|x86.Build.0 = Release|Any CPU
		{6BBE0722-B7B6-4AA8-A285-A3023E5BC87B}.Debug|Any CPU.ActiveCfg = Debug|Any CPU
		{6BBE0722-B7B6-4AA8-A285-A3023E5BC87B}.Debug|Any CPU.Build.0 = Debug|Any CPU
		{6BBE0722-B7B6-4AA8-A285-A3023E5BC87B}.Debug|x86.ActiveCfg = Debug|Any CPU
		{6BBE0722-B7B6-4AA8-A285-A3023E5BC87B}.Debug|x86.Build.0 = Debug|Any CPU
		{6BBE0722-B7B6-4AA8-A285-A3023E5BC87B}.Release|Any CPU.ActiveCfg = Release|Any CPU
		{6BBE0722-B7B6-4AA8-A285-A3023E5BC87B}.Release|Any CPU.Build.0 = Release|Any CPU
		{6BBE0722-B7B6-4AA8-A285-A3023E5BC87B}.Release|x86.ActiveCfg = Release|Any CPU
		{6BBE0722-B7B6-4AA8-A285-A3023E5BC87B}.Release|x86.Build.0 = Release|Any CPU
		{BCA487B1-B659-45C6-8D6A-90E56159474C}.Debug|Any CPU.ActiveCfg = Debug|Any CPU
		{BCA487B1-B659-45C6-8D6A-90E56159474C}.Debug|Any CPU.Build.0 = Debug|Any CPU
		{BCA487B1-B659-45C6-8D6A-90E56159474C}.Debug|x86.ActiveCfg = Debug|Any CPU
		{BCA487B1-B659-45C6-8D6A-90E56159474C}.Debug|x86.Build.0 = Debug|Any CPU
		{BCA487B1-B659-45C6-8D6A-90E56159474C}.Release|Any CPU.ActiveCfg = Release|Any CPU
		{BCA487B1-B659-45C6-8D6A-90E56159474C}.Release|Any CPU.Build.0 = Release|Any CPU
		{BCA487B1-B659-45C6-8D6A-90E56159474C}.Release|x86.ActiveCfg = Release|Any CPU
		{BCA487B1-B659-45C6-8D6A-90E56159474C}.Release|x86.Build.0 = Release|Any CPU
		{8E140A28-DC97-4D76-ACA1-9AF501794037}.Debug|Any CPU.ActiveCfg = Debug|Any CPU
		{8E140A28-DC97-4D76-ACA1-9AF501794037}.Debug|Any CPU.Build.0 = Debug|Any CPU
		{8E140A28-DC97-4D76-ACA1-9AF501794037}.Debug|x86.ActiveCfg = Debug|Any CPU
		{8E140A28-DC97-4D76-ACA1-9AF501794037}.Debug|x86.Build.0 = Debug|Any CPU
		{8E140A28-DC97-4D76-ACA1-9AF501794037}.Release|Any CPU.ActiveCfg = Release|Any CPU
		{8E140A28-DC97-4D76-ACA1-9AF501794037}.Release|Any CPU.Build.0 = Release|Any CPU
		{8E140A28-DC97-4D76-ACA1-9AF501794037}.Release|x86.ActiveCfg = Release|Any CPU
		{8E140A28-DC97-4D76-ACA1-9AF501794037}.Release|x86.Build.0 = Release|Any CPU
		{AE4BA7B8-6A65-43D2-91CD-B9F71DAC1491}.Debug|Any CPU.ActiveCfg = Debug|Any CPU
		{AE4BA7B8-6A65-43D2-91CD-B9F71DAC1491}.Debug|Any CPU.Build.0 = Debug|Any CPU
		{AE4BA7B8-6A65-43D2-91CD-B9F71DAC1491}.Debug|x86.ActiveCfg = Debug|Any CPU
		{AE4BA7B8-6A65-43D2-91CD-B9F71DAC1491}.Debug|x86.Build.0 = Debug|Any CPU
		{AE4BA7B8-6A65-43D2-91CD-B9F71DAC1491}.Release|Any CPU.ActiveCfg = Release|Any CPU
		{AE4BA7B8-6A65-43D2-91CD-B9F71DAC1491}.Release|Any CPU.Build.0 = Release|Any CPU
		{AE4BA7B8-6A65-43D2-91CD-B9F71DAC1491}.Release|x86.ActiveCfg = Release|Any CPU
		{AE4BA7B8-6A65-43D2-91CD-B9F71DAC1491}.Release|x86.Build.0 = Release|Any CPU
		{764C53EA-8BED-43C9-991D-15BF833AB026}.Debug|Any CPU.ActiveCfg = Debug|Any CPU
		{764C53EA-8BED-43C9-991D-15BF833AB026}.Debug|Any CPU.Build.0 = Debug|Any CPU
		{764C53EA-8BED-43C9-991D-15BF833AB026}.Debug|x86.ActiveCfg = Debug|Any CPU
		{764C53EA-8BED-43C9-991D-15BF833AB026}.Debug|x86.Build.0 = Debug|Any CPU
		{764C53EA-8BED-43C9-991D-15BF833AB026}.Release|Any CPU.ActiveCfg = Release|Any CPU
		{764C53EA-8BED-43C9-991D-15BF833AB026}.Release|Any CPU.Build.0 = Release|Any CPU
		{764C53EA-8BED-43C9-991D-15BF833AB026}.Release|x86.ActiveCfg = Release|Any CPU
		{764C53EA-8BED-43C9-991D-15BF833AB026}.Release|x86.Build.0 = Release|Any CPU
		{9861B81B-1861-4A87-AB44-B6E9B9BBADA8}.Debug|Any CPU.ActiveCfg = Debug|Any CPU
		{9861B81B-1861-4A87-AB44-B6E9B9BBADA8}.Debug|Any CPU.Build.0 = Debug|Any CPU
		{9861B81B-1861-4A87-AB44-B6E9B9BBADA8}.Debug|x86.ActiveCfg = Debug|Any CPU
		{9861B81B-1861-4A87-AB44-B6E9B9BBADA8}.Debug|x86.Build.0 = Debug|Any CPU
		{9861B81B-1861-4A87-AB44-B6E9B9BBADA8}.Release|Any CPU.ActiveCfg = Release|Any CPU
		{9861B81B-1861-4A87-AB44-B6E9B9BBADA8}.Release|Any CPU.Build.0 = Release|Any CPU
		{9861B81B-1861-4A87-AB44-B6E9B9BBADA8}.Release|x86.ActiveCfg = Release|Any CPU
		{9861B81B-1861-4A87-AB44-B6E9B9BBADA8}.Release|x86.Build.0 = Release|Any CPU
		{1AC7E080-66DD-4D72-B4F3-38E76D28730B}.Debug|Any CPU.ActiveCfg = Debug|Any CPU
		{1AC7E080-66DD-4D72-B4F3-38E76D28730B}.Debug|Any CPU.Build.0 = Debug|Any CPU
		{1AC7E080-66DD-4D72-B4F3-38E76D28730B}.Debug|x86.ActiveCfg = Debug|Any CPU
		{1AC7E080-66DD-4D72-B4F3-38E76D28730B}.Debug|x86.Build.0 = Debug|Any CPU
		{1AC7E080-66DD-4D72-B4F3-38E76D28730B}.Release|Any CPU.ActiveCfg = Release|Any CPU
		{1AC7E080-66DD-4D72-B4F3-38E76D28730B}.Release|Any CPU.Build.0 = Release|Any CPU
		{1AC7E080-66DD-4D72-B4F3-38E76D28730B}.Release|x86.ActiveCfg = Release|Any CPU
		{1AC7E080-66DD-4D72-B4F3-38E76D28730B}.Release|x86.Build.0 = Release|Any CPU
		{7B3F7A5C-0DC8-4E12-8DD6-B221EBC5257E}.Debug|Any CPU.ActiveCfg = Debug|Any CPU
		{7B3F7A5C-0DC8-4E12-8DD6-B221EBC5257E}.Debug|Any CPU.Build.0 = Debug|Any CPU
		{7B3F7A5C-0DC8-4E12-8DD6-B221EBC5257E}.Debug|x86.ActiveCfg = Debug|Any CPU
		{7B3F7A5C-0DC8-4E12-8DD6-B221EBC5257E}.Debug|x86.Build.0 = Debug|Any CPU
		{7B3F7A5C-0DC8-4E12-8DD6-B221EBC5257E}.Release|Any CPU.ActiveCfg = Release|Any CPU
		{7B3F7A5C-0DC8-4E12-8DD6-B221EBC5257E}.Release|Any CPU.Build.0 = Release|Any CPU
		{7B3F7A5C-0DC8-4E12-8DD6-B221EBC5257E}.Release|x86.ActiveCfg = Release|Any CPU
		{7B3F7A5C-0DC8-4E12-8DD6-B221EBC5257E}.Release|x86.Build.0 = Release|Any CPU
		{C7C96C2D-7923-4E7C-A36E-36FCB19EFDF3}.Debug|Any CPU.ActiveCfg = Debug|Any CPU
		{C7C96C2D-7923-4E7C-A36E-36FCB19EFDF3}.Debug|Any CPU.Build.0 = Debug|Any CPU
		{C7C96C2D-7923-4E7C-A36E-36FCB19EFDF3}.Debug|x86.ActiveCfg = Debug|Any CPU
		{C7C96C2D-7923-4E7C-A36E-36FCB19EFDF3}.Debug|x86.Build.0 = Debug|Any CPU
		{C7C96C2D-7923-4E7C-A36E-36FCB19EFDF3}.Release|Any CPU.ActiveCfg = Release|Any CPU
		{C7C96C2D-7923-4E7C-A36E-36FCB19EFDF3}.Release|Any CPU.Build.0 = Release|Any CPU
		{C7C96C2D-7923-4E7C-A36E-36FCB19EFDF3}.Release|x86.ActiveCfg = Release|Any CPU
		{C7C96C2D-7923-4E7C-A36E-36FCB19EFDF3}.Release|x86.Build.0 = Release|Any CPU
		{50483207-F31A-4609-A51A-8182019EA876}.Debug|Any CPU.ActiveCfg = Debug|Any CPU
		{50483207-F31A-4609-A51A-8182019EA876}.Debug|Any CPU.Build.0 = Debug|Any CPU
		{50483207-F31A-4609-A51A-8182019EA876}.Debug|x86.ActiveCfg = Debug|Any CPU
		{50483207-F31A-4609-A51A-8182019EA876}.Debug|x86.Build.0 = Debug|Any CPU
		{50483207-F31A-4609-A51A-8182019EA876}.Release|Any CPU.ActiveCfg = Release|Any CPU
		{50483207-F31A-4609-A51A-8182019EA876}.Release|Any CPU.Build.0 = Release|Any CPU
		{50483207-F31A-4609-A51A-8182019EA876}.Release|x86.ActiveCfg = Release|Any CPU
		{50483207-F31A-4609-A51A-8182019EA876}.Release|x86.Build.0 = Release|Any CPU
		{6BAD7A18-3F8B-415A-BB0B-8E59B074084B}.Debug|Any CPU.ActiveCfg = Debug|Any CPU
		{6BAD7A18-3F8B-415A-BB0B-8E59B074084B}.Debug|Any CPU.Build.0 = Debug|Any CPU
		{6BAD7A18-3F8B-415A-BB0B-8E59B074084B}.Debug|x86.ActiveCfg = Debug|Any CPU
		{6BAD7A18-3F8B-415A-BB0B-8E59B074084B}.Debug|x86.Build.0 = Debug|Any CPU
		{6BAD7A18-3F8B-415A-BB0B-8E59B074084B}.Release|Any CPU.ActiveCfg = Release|Any CPU
		{6BAD7A18-3F8B-415A-BB0B-8E59B074084B}.Release|Any CPU.Build.0 = Release|Any CPU
		{6BAD7A18-3F8B-415A-BB0B-8E59B074084B}.Release|x86.ActiveCfg = Release|Any CPU
		{6BAD7A18-3F8B-415A-BB0B-8E59B074084B}.Release|x86.Build.0 = Release|Any CPU
		{171F8AA4-0A41-40AA-A822-07FD3473F7D8}.Debug|Any CPU.ActiveCfg = Debug|Any CPU
		{171F8AA4-0A41-40AA-A822-07FD3473F7D8}.Debug|Any CPU.Build.0 = Debug|Any CPU
		{171F8AA4-0A41-40AA-A822-07FD3473F7D8}.Debug|x86.ActiveCfg = Debug|Any CPU
		{171F8AA4-0A41-40AA-A822-07FD3473F7D8}.Debug|x86.Build.0 = Debug|Any CPU
		{171F8AA4-0A41-40AA-A822-07FD3473F7D8}.Release|Any CPU.ActiveCfg = Release|Any CPU
		{171F8AA4-0A41-40AA-A822-07FD3473F7D8}.Release|Any CPU.Build.0 = Release|Any CPU
		{171F8AA4-0A41-40AA-A822-07FD3473F7D8}.Release|x86.ActiveCfg = Release|Any CPU
		{171F8AA4-0A41-40AA-A822-07FD3473F7D8}.Release|x86.Build.0 = Release|Any CPU
		{EA342254-D5BF-4892-B013-4A917A4E7E00}.Debug|Any CPU.ActiveCfg = Debug|Any CPU
		{EA342254-D5BF-4892-B013-4A917A4E7E00}.Debug|Any CPU.Build.0 = Debug|Any CPU
		{EA342254-D5BF-4892-B013-4A917A4E7E00}.Debug|x86.ActiveCfg = Debug|Any CPU
		{EA342254-D5BF-4892-B013-4A917A4E7E00}.Debug|x86.Build.0 = Debug|Any CPU
		{EA342254-D5BF-4892-B013-4A917A4E7E00}.Release|Any CPU.ActiveCfg = Release|Any CPU
		{EA342254-D5BF-4892-B013-4A917A4E7E00}.Release|Any CPU.Build.0 = Release|Any CPU
		{EA342254-D5BF-4892-B013-4A917A4E7E00}.Release|x86.ActiveCfg = Release|Any CPU
		{EA342254-D5BF-4892-B013-4A917A4E7E00}.Release|x86.Build.0 = Release|Any CPU
	EndGlobalSection
	GlobalSection(SolutionProperties) = preSolution
		HideSolutionNode = FALSE
	EndGlobalSection
	GlobalSection(NestedProjects) = preSolution
		{CD2D758F-AA5D-4786-937D-8D64CEB2A5F6} = {21B4D4CE-20A2-47E6-AEAF-E169FEB9B0AB}
		{0E355A9D-BD99-47EA-98FA-1674A63C87F0} = {0F69BECA-B0A8-4182-8EE9-01DE79E522F0}
		{B51DE45B-CA79-4516-A8B7-8EF014826D92} = {0F69BECA-B0A8-4182-8EE9-01DE79E522F0}
		{836711C2-260B-4840-A6E9-BEB0B09EEC1F} = {0F69BECA-B0A8-4182-8EE9-01DE79E522F0}
		{841F581B-2BFD-4608-A08B-2577B76F2B5A} = {0F69BECA-B0A8-4182-8EE9-01DE79E522F0}
		{E1FF336F-07AA-4645-A2A2-AD4BB8D70FC7} = {618ABAE2-FFF8-4B4A-9433-CC031F3CE8F2}
		{0EC2FF20-886C-42C5-AA09-1E6CEBBEC99F} = {618ABAE2-FFF8-4B4A-9433-CC031F3CE8F2}
		{AAD274C0-C9CD-4D65-A8A9-4504739EA40A} = {78D139F9-5B58-4C8B-9FFD-543FF210DC81}
		{7FB3A5E0-508C-4CE2-B88A-68C9EEFF58F6} = {78D139F9-5B58-4C8B-9FFD-543FF210DC81}
		{EB3C53D6-C756-43D1-8883-3A9E78A63662} = {78D139F9-5B58-4C8B-9FFD-543FF210DC81}
		{F0FC59CB-C9B4-44A1-AC77-5CC21970BD10} = {78D139F9-5B58-4C8B-9FFD-543FF210DC81}
		{C8AF6490-B43E-4576-8991-4F1629FFD743} = {78D139F9-5B58-4C8B-9FFD-543FF210DC81}
		{94E1EB73-49F0-4068-BF23-D3990EFEA442} = {78D139F9-5B58-4C8B-9FFD-543FF210DC81}
		{16730CC9-E7FC-4ADA-93A7-26DA57B1C69A} = {78D139F9-5B58-4C8B-9FFD-543FF210DC81}
		{227B2191-477B-426B-8CAB-205DE44BC90F} = {78D139F9-5B58-4C8B-9FFD-543FF210DC81}
		{0F25AE70-491D-4591-8AD5-64E91D559885} = {78D139F9-5B58-4C8B-9FFD-543FF210DC81}
		{A071F2AF-FD39-41A0-B06E-506FE81E2E0D} = {78D139F9-5B58-4C8B-9FFD-543FF210DC81}
		{F4394DA3-507B-4133-8B08-897FB1B156A7} = {78D139F9-5B58-4C8B-9FFD-543FF210DC81}
		{84F633AC-9F1F-45AB-86C7-11FE35C92685} = {78D139F9-5B58-4C8B-9FFD-543FF210DC81}
		{1476A9D4-60E2-4DAD-98BC-27891B9C9F76} = {78D139F9-5B58-4C8B-9FFD-543FF210DC81}
		{35899162-6006-4460-9456-23F8683EF985} = {78D139F9-5B58-4C8B-9FFD-543FF210DC81}
		{DD476186-20AC-4532-BDF9-108F7EA6F017} = {78D139F9-5B58-4C8B-9FFD-543FF210DC81}
		{13E97C6B-F7A8-4B36-BDA8-6FC6F62F4CF0} = {78D139F9-5B58-4C8B-9FFD-543FF210DC81}
		{9FF4145C-DDA5-4153-B449-4C091A2C5ECF} = {78D139F9-5B58-4C8B-9FFD-543FF210DC81}
		{C945F0EF-364C-4B75-A02E-4BAB11121FFE} = {78D139F9-5B58-4C8B-9FFD-543FF210DC81}
		{30AC7B12-D268-48DE-9693-4B116045C4E5} = {78D139F9-5B58-4C8B-9FFD-543FF210DC81}
		{7E2229DC-17E3-4470-A2CA-9EC6C216DDC5} = {78D139F9-5B58-4C8B-9FFD-543FF210DC81}
		{D8D38791-A1B2-438B-BD46-82CDEA0EA410} = {78D139F9-5B58-4C8B-9FFD-543FF210DC81}
		{61BE6421-444C-4E77-A91B-54A1D9FE57F0} = {78D139F9-5B58-4C8B-9FFD-543FF210DC81}
		{509F4CBA-90D2-4FCE-9726-B36A85D80D90} = {78D139F9-5B58-4C8B-9FFD-543FF210DC81}
		{A177B83F-7C6B-453C-918A-A3DA573E0C00} = {9B511FC3-FD85-4C2C-8513-347C6F76BED1}
		{6C83019F-585A-4CE6-8C89-EE4C60B68A3B} = {68FD7F3C-5BAB-4B02-B948-9D796A13B83D}
		{73EE9906-F437-4183-8EC2-593D7DFDBA64} = {B8D118B2-8D9B-4AEC-A4A4-C9422F179310}
		{0B959251-1C94-42E3-8F52-78CA8A714E07} = {BD567A53-3FA7-465D-ADFA-A8FC5DF84A91}
		{56CC9375-A0E5-4F2C-8246-135FA4A3F651} = {3446039A-1759-4F0C-8E6E-134B03BDD9B5}
		{0C280895-E248-4B2D-A730-DA06E9DE56F9} = {3446039A-1759-4F0C-8E6E-134B03BDD9B5}
		{9B1982F1-0C33-4440-8FB4-6DCDD6E037C4} = {AEDB1D45-FD17-4966-BCD9-1A765C65F0DB}
		{C3659C8E-F87D-4CDE-AC8C-5318BD9D52AC} = {AEDB1D45-FD17-4966-BCD9-1A765C65F0DB}
		{FBA2782D-FF78-4ED7-B564-4F8B38E38C7B} = {AEDB1D45-FD17-4966-BCD9-1A765C65F0DB}
		{F8979A69-AB0D-477C-B4EB-C6D388F78F1D} = {AEDB1D45-FD17-4966-BCD9-1A765C65F0DB}
		{F194D7A3-24B0-467E-B409-734BEC505D66} = {AEDB1D45-FD17-4966-BCD9-1A765C65F0DB}
		{90B69033-DA4E-4706-9690-120E4EAF4E49} = {AEDB1D45-FD17-4966-BCD9-1A765C65F0DB}
		{57180046-75C3-4BA4-B39D-6C8435C69E79} = {648A1113-42CA-4661-B38E-9ED8FE4B290A}
		{00E16EC2-087F-4E1F-9176-0BC129E56468} = {A85451A6-5F7E-47BA-98F7-D298FFEE6B7C}
		{D61EF88B-AA83-4470-BB83-155CD7373801} = {AEDB1D45-FD17-4966-BCD9-1A765C65F0DB}
		{D63FD66C-F2E2-4F37-9523-BA55F64E5C8B} = {AEDB1D45-FD17-4966-BCD9-1A765C65F0DB}
		{CCEB6C43-4F99-4F28-8F15-DBBC09CDAAFB} = {E8046B30-3E28-4163-B5F2-F51CAE10C003}
		{5B44ACB5-19D9-41BE-B9FD-D653BFADA932} = {E8046B30-3E28-4163-B5F2-F51CAE10C003}
		{3F7BD1EA-63C7-4407-896B-A3EA27D915F6} = {E8046B30-3E28-4163-B5F2-F51CAE10C003}
		{EDC4E9CC-A571-4874-8A72-BED8DA552C5B} = {E8046B30-3E28-4163-B5F2-F51CAE10C003}
		{17E0D452-E631-4953-9D3C-451690B94552} = {43D6648F-C24A-4AA2-AAEF-0851CFB2D0EA}
		{9686F6AF-EF58-4E21-950F-0622C5BA5040} = {43D6648F-C24A-4AA2-AAEF-0851CFB2D0EA}
		{39A9C1FA-1AB1-4056-826A-C2C14DF285BC} = {43D6648F-C24A-4AA2-AAEF-0851CFB2D0EA}
		{2FC56E32-CC28-4199-ADB4-8AEF15D916F9} = {43D6648F-C24A-4AA2-AAEF-0851CFB2D0EA}
		{3E4BB017-FD9D-4AFF-881C-35EFB2B92AA5} = {43D6648F-C24A-4AA2-AAEF-0851CFB2D0EA}
		{6B963F31-29B2-4872-B316-752EEAD708B1} = {43D6648F-C24A-4AA2-AAEF-0851CFB2D0EA}
		{02D01DA8-78EF-4933-B80D-58FB64A9DC43} = {43D6648F-C24A-4AA2-AAEF-0851CFB2D0EA}
		{E556BB95-1109-4735-B7D6-BB8BA1787EE6} = {43D6648F-C24A-4AA2-AAEF-0851CFB2D0EA}
		{EAEC440A-5FF2-4710-84BF-4CB109F29E10} = {B8D118B2-8D9B-4AEC-A4A4-C9422F179310}
		{56E0118D-3330-4588-8756-7828E541AE28} = {B8D118B2-8D9B-4AEC-A4A4-C9422F179310}
		{6F2EE5B4-211F-4BE5-833A-54BF6D9B5FB7} = {B8D118B2-8D9B-4AEC-A4A4-C9422F179310}
		{7219758B-062A-4E21-8D28-8C91F91A73E7} = {AEDB1D45-FD17-4966-BCD9-1A765C65F0DB}
		{C974DA5D-C77F-4124-A752-0AE729422AEC} = {2B071709-1FDB-4DE5-BCCC-F3EEB9BA7B56}
		{657A204B-64EE-4AE1-A52E-7E572E0CE449} = {2B071709-1FDB-4DE5-BCCC-F3EEB9BA7B56}
		{E9CC1D09-A3C7-4D3B-8639-B7328B7852F7} = {657A204B-64EE-4AE1-A52E-7E572E0CE449}
		{4FBEC4C9-721B-465D-B08D-DABE23D7BB8B} = {657A204B-64EE-4AE1-A52E-7E572E0CE449}
		{D267B24D-3F48-4D51-AC8E-F612BB3A78FA} = {C974DA5D-C77F-4124-A752-0AE729422AEC}
		{C66D7150-82B3-4897-BA0D-5FDB68B256AC} = {657A204B-64EE-4AE1-A52E-7E572E0CE449}
		{CE8449F4-C2BB-437D-87DB-CDEA87C4A959} = {657A204B-64EE-4AE1-A52E-7E572E0CE449}
		{736CF2AB-21A4-4BEF-B58C-11C9C9D92CF0} = {657A204B-64EE-4AE1-A52E-7E572E0CE449}
		{2E3A9E26-793E-4C14-AB31-BC2347691885} = {657A204B-64EE-4AE1-A52E-7E572E0CE449}
		{2EA3E82E-9990-4ADB-A6E9-BB9F3943485E} = {657A204B-64EE-4AE1-A52E-7E572E0CE449}
		{877A0791-130D-4CE9-85AF-B13CAB0E8B8E} = {405DBCA5-0BD5-40DF-97DD-9941B8B90A3E}
		{0D71A78F-D981-4C5F-97CC-52A1D2B0693D} = {405DBCA5-0BD5-40DF-97DD-9941B8B90A3E}
		{B37A19F0-C57C-4832-BFC4-19FDB992F350} = {A2D70C9C-B601-4FC4-8E85-1B2BF56C8267}
		{0AA833B2-F655-4824-8761-A627A96E7362} = {A2D70C9C-B601-4FC4-8E85-1B2BF56C8267}
		{5EC0FC11-1497-42C9-9F8D-CA130A5EB679} = {A2D70C9C-B601-4FC4-8E85-1B2BF56C8267}
		{4F851F80-096F-4287-A801-B829421CD258} = {BD567A53-3FA7-465D-ADFA-A8FC5DF84A91}
		{4D4116FB-BFF1-4025-88BC-3AB56D6CEC0A} = {BD567A53-3FA7-465D-ADFA-A8FC5DF84A91}
		{FE97406A-4200-4F1C-BD4F-1FF77CDB7749} = {BD567A53-3FA7-465D-ADFA-A8FC5DF84A91}
		{C77EDCCE-F48B-4936-BBDF-5F1A79199FEC} = {4C61B4CC-2029-4A62-899B-3F8D72B4F672}
		{05148812-0323-4778-B5A3-68656F5F4C2A} = {C77EDCCE-F48B-4936-BBDF-5F1A79199FEC}
		{E4CEA088-8301-4FB5-9FEB-431304B639A9} = {4C61B4CC-2029-4A62-899B-3F8D72B4F672}
		{A4282872-CCBD-4765-96D8-24CF5E005E95} = {E4CEA088-8301-4FB5-9FEB-431304B639A9}
		{67EE8278-417F-493B-9059-F27EE4E5EE73} = {4C61B4CC-2029-4A62-899B-3F8D72B4F672}
		{6BBE0722-B7B6-4AA8-A285-A3023E5BC87B} = {67EE8278-417F-493B-9059-F27EE4E5EE73}
		{BCA487B1-B659-45C6-8D6A-90E56159474C} = {BD567A53-3FA7-465D-ADFA-A8FC5DF84A91}
		{8E140A28-DC97-4D76-ACA1-9AF501794037} = {BD567A53-3FA7-465D-ADFA-A8FC5DF84A91}
		{AE4BA7B8-6A65-43D2-91CD-B9F71DAC1491} = {28A87332-6FFB-4F52-8DDB-EEA2BB8C52ED}
		{764C53EA-8BED-43C9-991D-15BF833AB026} = {28A87332-6FFB-4F52-8DDB-EEA2BB8C52ED}
		{9861B81B-1861-4A87-AB44-B6E9B9BBADA8} = {BD567A53-3FA7-465D-ADFA-A8FC5DF84A91}
		{1AC7E080-66DD-4D72-B4F3-38E76D28730B} = {BD567A53-3FA7-465D-ADFA-A8FC5DF84A91}
		{7B3F7A5C-0DC8-4E12-8DD6-B221EBC5257E} = {BD567A53-3FA7-465D-ADFA-A8FC5DF84A91}
		{C7C96C2D-7923-4E7C-A36E-36FCB19EFDF3} = {BD567A53-3FA7-465D-ADFA-A8FC5DF84A91}
		{50483207-F31A-4609-A51A-8182019EA876} = {BD567A53-3FA7-465D-ADFA-A8FC5DF84A91}
		{6BAD7A18-3F8B-415A-BB0B-8E59B074084B} = {BD567A53-3FA7-465D-ADFA-A8FC5DF84A91}
		{171F8AA4-0A41-40AA-A822-07FD3473F7D8} = {BD567A53-3FA7-465D-ADFA-A8FC5DF84A91}
		{EA342254-D5BF-4892-B013-4A917A4E7E00} = {BD567A53-3FA7-465D-ADFA-A8FC5DF84A91}
	EndGlobalSection
	GlobalSection(ExtensibilityGlobals) = postSolution
		SolutionGuid = {B71D1B38-C041-4707-8E22-1E08D97D82D9}
	EndGlobalSection
EndGlobal
